// !$*UTF8*$!
{
	archiveVersion = 1;
	classes = {
	};
	objectVersion = 46;
	objects = {

/* Begin PBXBuildFile section */
		350F58041BC127EE008220EB /* AppDelegate.swift in Sources */ = {isa = PBXBuildFile; fileRef = 350F58031BC127EE008220EB /* AppDelegate.swift */; };
		350F58061BC127EE008220EB /* GameScene.sks in Resources */ = {isa = PBXBuildFile; fileRef = 350F58051BC127EE008220EB /* GameScene.sks */; };
		350F58081BC127EE008220EB /* GameScene.swift in Sources */ = {isa = PBXBuildFile; fileRef = 350F58071BC127EE008220EB /* GameScene.swift */; };
		350F580A1BC127EE008220EB /* GameViewController.swift in Sources */ = {isa = PBXBuildFile; fileRef = 350F58091BC127EE008220EB /* GameViewController.swift */; };
		350F580D1BC127EE008220EB /* Main.storyboard in Resources */ = {isa = PBXBuildFile; fileRef = 350F580B1BC127EE008220EB /* Main.storyboard */; };
		350F580F1BC127EE008220EB /* Assets.xcassets in Resources */ = {isa = PBXBuildFile; fileRef = 350F580E1BC127EE008220EB /* Assets.xcassets */; };
		350F58121BC127EE008220EB /* LaunchScreen.storyboard in Resources */ = {isa = PBXBuildFile; fileRef = 350F58101BC127EE008220EB /* LaunchScreen.storyboard */; };
		350F581A1BC1288C008220EB /* mystique.atlas in Resources */ = {isa = PBXBuildFile; fileRef = 350F58191BC1288C008220EB /* mystique.atlas */; settings = {ASSET_TAGS = (); }; };
/* End PBXBuildFile section */

/* Begin PBXFileReference section */
		350F58001BC127EE008220EB /* SKSpriteAnimation.app */ = {isa = PBXFileReference; explicitFileType = wrapper.application; includeInIndex = 0; path = SKSpriteAnimation.app; sourceTree = BUILT_PRODUCTS_DIR; };
		350F58031BC127EE008220EB /* AppDelegate.swift */ = {isa = PBXFileReference; lastKnownFileType = sourcecode.swift; path = AppDelegate.swift; sourceTree = "<group>"; };
		350F58051BC127EE008220EB /* GameScene.sks */ = {isa = PBXFileReference; lastKnownFileType = file.sks; path = GameScene.sks; sourceTree = "<group>"; };
		350F58071BC127EE008220EB /* GameScene.swift */ = {isa = PBXFileReference; lastKnownFileType = sourcecode.swift; path = GameScene.swift; sourceTree = "<group>"; };
		350F58091BC127EE008220EB /* GameViewController.swift */ = {isa = PBXFileReference; lastKnownFileType = sourcecode.swift; path = GameViewController.swift; sourceTree = "<group>"; };
		350F580C1BC127EE008220EB /* Base */ = {isa = PBXFileReference; lastKnownFileType = file.storyboard; name = Base; path = Base.lproj/Main.storyboard; sourceTree = "<group>"; };
		350F580E1BC127EE008220EB /* Assets.xcassets */ = {isa = PBXFileReference; lastKnownFileType = folder.assetcatalog; path = Assets.xcassets; sourceTree = "<group>"; };
		350F58111BC127EE008220EB /* Base */ = {isa = PBXFileReference; lastKnownFileType = file.storyboard; name = Base; path = Base.lproj/LaunchScreen.storyboard; sourceTree = "<group>"; };
		350F58131BC127EE008220EB /* Info.plist */ = {isa = PBXFileReference; lastKnownFileType = text.plist.xml; path = Info.plist; sourceTree = "<group>"; };
		350F58191BC1288C008220EB /* mystique.atlas */ = {isa = PBXFileReference; lastKnownFileType = folder.skatlas; path = mystique.atlas; sourceTree = "<group>"; };
/* End PBXFileReference section */

/* Begin PBXFrameworksBuildPhase section */
		350F57FD1BC127EE008220EB /* Frameworks */ = {
			isa = PBXFrameworksBuildPhase;
			buildActionMask = 2147483647;
			files = (
			);
			runOnlyForDeploymentPostprocessing = 0;
		};
/* End PBXFrameworksBuildPhase section */

/* Begin PBXGroup section */
		350F57F71BC127ED008220EB = {
			isa = PBXGroup;
			children = (
				350F58021BC127EE008220EB /* SKSpriteAnimation */,
				350F58011BC127EE008220EB /* Products */,
			);
			sourceTree = "<group>";
		};
		350F58011BC127EE008220EB /* Products */ = {
			isa = PBXGroup;
			children = (
				350F58001BC127EE008220EB /* SKSpriteAnimation.app */,
			);
			name = Products;
			sourceTree = "<group>";
		};
		350F58021BC127EE008220EB /* SKSpriteAnimation */ = {
			isa = PBXGroup;
			children = (
				350F58031BC127EE008220EB /* AppDelegate.swift */,
				350F58051BC127EE008220EB /* GameScene.sks */,
				350F58071BC127EE008220EB /* GameScene.swift */,
				350F58091BC127EE008220EB /* GameViewController.swift */,
				350F580B1BC127EE008220EB /* Main.storyboard */,
				350F58191BC1288C008220EB /* mystique.atlas */,
				350F580E1BC127EE008220EB /* Assets.xcassets */,
				350F58101BC127EE008220EB /* LaunchScreen.storyboard */,
				350F58131BC127EE008220EB /* Info.plist */,
			);
			path = SKSpriteAnimation;
			sourceTree = "<group>";
		};
/* End PBXGroup section */

/* Begin PBXNativeTarget section */
		350F57FF1BC127EE008220EB /* SKSpriteAnimation */ = {
			isa = PBXNativeTarget;
			buildConfigurationList = 350F58161BC127EE008220EB /* Build configuration list for PBXNativeTarget "SKSpriteAnimation" */;
			buildPhases = (
				350F57FC1BC127EE008220EB /* Sources */,
				350F57FD1BC127EE008220EB /* Frameworks */,
				350F57FE1BC127EE008220EB /* Resources */,
			);
			buildRules = (
			);
			dependencies = (
			);
			name = SKSpriteAnimation;
			productName = SKSpriteAnimation;
			productReference = 350F58001BC127EE008220EB /* SKSpriteAnimation.app */;
			productType = "com.apple.product-type.application";
		};
/* End PBXNativeTarget section */

/* Begin PBXProject section */
		350F57F81BC127ED008220EB /* Project object */ = {
			isa = PBXProject;
			attributes = {
				LastUpgradeCheck = 0700;
				ORGANIZATIONNAME = "Ivan Akulov";
				TargetAttributes = {
					350F57FF1BC127EE008220EB = {
						CreatedOnToolsVersion = 7.0.1;
					};
				};
			};
			buildConfigurationList = 350F57FB1BC127ED008220EB /* Build configuration list for PBXProject "SKSpriteAnimation" */;
			compatibilityVersion = "Xcode 3.2";
			developmentRegion = English;
			hasScannedForEncodings = 0;
			knownRegions = (
				en,
				Base,
			);
			mainGroup = 350F57F71BC127ED008220EB;
			productRefGroup = 350F58011BC127EE008220EB /* Products */;
			projectDirPath = "";
			projectRoot = "";
			targets = (
				350F57FF1BC127EE008220EB /* SKSpriteAnimation */,
			);
		};
/* End PBXProject section */

/* Begin PBXResourcesBuildPhase section */
		350F57FE1BC127EE008220EB /* Resources */ = {
			isa = PBXResourcesBuildPhase;
			buildActionMask = 2147483647;
			files = (
				350F581A1BC1288C008220EB /* mystique.atlas in Resources */,
				350F58061BC127EE008220EB /* GameScene.sks in Resources */,
				350F58121BC127EE008220EB /* LaunchScreen.storyboard in Resources */,
				350F580F1BC127EE008220EB /* Assets.xcassets in Resources */,
				350F580D1BC127EE008220EB /* Main.storyboard in Resources */,
			);
			runOnlyForDeploymentPostprocessing = 0;
		};
/* End PBXResourcesBuildPhase section */

/* Begin PBXSourcesBuildPhase section */
		350F57FC1BC127EE008220EB /* Sources */ = {
			isa = PBXSourcesBuildPhase;
			buildActionMask = 2147483647;
			files = (
				350F58081BC127EE008220EB /* GameScene.swift in Sources */,
				350F580A1BC127EE008220EB /* GameViewController.swift in Sources */,
				350F58041BC127EE008220EB /* AppDelegate.swift in Sources */,
			);
			runOnlyForDeploymentPostprocessing = 0;
		};
/* End PBXSourcesBuildPhase section */

/* Begin PBXVariantGroup section */
		350F580B1BC127EE008220EB /* Main.storyboard */ = {
			isa = PBXVariantGroup;
			children = (
				350F580C1BC127EE008220EB /* Base */,
			);
			name = Main.storyboard;
			sourceTree = "<group>";
		};
		350F58101BC127EE008220EB /* LaunchScreen.storyboard */ = {
			isa = PBXVariantGroup;
			children = (
				350F58111BC127EE008220EB /* Base */,
			);
			name = LaunchScreen.storyboard;
			sourceTree = "<group>";
		};
/* End PBXVariantGroup section */

/* Begin XCBuildConfiguration section */
		350F58141BC127EE008220EB /* Debug */ = {
			isa = XCBuildConfiguration;
			buildSettings = {
				ALWAYS_SEARCH_USER_PATHS = NO;
				CLANG_CXX_LANGUAGE_STANDARD = "gnu++0x";
				CLANG_CXX_LIBRARY = "libc++";
				CLANG_ENABLE_MODULES = YES;
				CLANG_ENABLE_OBJC_ARC = YES;
				CLANG_WARN_BOOL_CONVERSION = YES;
				CLANG_WARN_CONSTANT_CONVERSION = YES;
				CLANG_WARN_DIRECT_OBJC_ISA_USAGE = YES_ERROR;
				CLANG_WARN_EMPTY_BODY = YES;
				CLANG_WARN_ENUM_CONVERSION = YES;
				CLANG_WARN_INT_CONVERSION = YES;
				CLANG_WARN_OBJC_ROOT_CLASS = YES_ERROR;
				CLANG_WARN_UNREACHABLE_CODE = YES;
				CLANG_WARN__DUPLICATE_METHOD_MATCH = YES;
				"CODE_SIGN_IDENTITY[sdk=iphoneos*]" = "iPhone Developer";
				COPY_PHASE_STRIP = NO;
				DEBUG_INFORMATION_FORMAT = "dwarf-with-dsym";
				ENABLE_STRICT_OBJC_MSGSEND = YES;
				ENABLE_TESTABILITY = YES;
				GCC_C_LANGUAGE_STANDARD = gnu99;
				GCC_DYNAMIC_NO_PIC = NO;
				GCC_NO_COMMON_BLOCKS = YES;
				GCC_OPTIMIZATION_LEVEL = 0;
				GCC_PREPROCESSOR_DEFINITIONS = (
					"DEBUG=1",
					"$(inherited)",
				);
				GCC_WARN_64_TO_32_BIT_CONVERSION = YES;
				GCC_WARN_ABOUT_RETURN_TYPE = YES_ERROR;
				GCC_WARN_UNDECLARED_SELECTOR = YES;
				GCC_WARN_UNINITIALIZED_AUTOS = YES_AGGRESSIVE;
				GCC_WARN_UNUSED_FUNCTION = YES;
				GCC_WARN_UNUSED_VARIABLE = YES;
				IPHONEOS_DEPLOYMENT_TARGET = 9.0;
				MTL_ENABLE_DEBUG_INFO = YES;
				ONLY_ACTIVE_ARCH = YES;
				SDKROOT = iphoneos;
				SWIFT_OPTIMIZATION_LEVEL = "-Onone";
			};
			name = Debug;
		};
		350F58151BC127EE008220EB /* Release */ = {
			isa = XCBuildConfiguration;
			buildSettings = {
				ALWAYS_SEARCH_USER_PATHS = NO;
				CLANG_CXX_LANGUAGE_STANDARD = "gnu++0x";
				CLANG_CXX_LIBRARY = "libc++";
				CLANG_ENABLE_MODULES = YES;
				CLANG_ENABLE_OBJC_ARC = YES;
				CLANG_WARN_BOOL_CONVERSION = YES;
				CLANG_WARN_CONSTANT_CONVERSION = YES;
				CLANG_WARN_DIRECT_OBJC_ISA_USAGE = YES_ERROR;
				CLANG_WARN_EMPTY_BODY = YES;
				CLANG_WARN_ENUM_CONVERSION = YES;
				CLANG_WARN_INT_CONVERSION = YES;
				CLANG_WARN_OBJC_ROOT_CLASS = YES_ERROR;
				CLANG_WARN_UNREACHABLE_CODE = YES;
				CLANG_WARN__DUPLICATE_METHOD_MATCH = YES;
				"CODE_SIGN_IDENTITY[sdk=iphoneos*]" = "iPhone Developer";
				COPY_PHASE_STRIP = NO;
				DEBUG_INFORMATION_FORMAT = "dwarf-with-dsym";
				ENABLE_NS_ASSERTIONS = NO;
				ENABLE_STRICT_OBJC_MSGSEND = YES;
				GCC_C_LANGUAGE_STANDARD = gnu99;
				GCC_NO_COMMON_BLOCKS = YES;
				GCC_WARN_64_TO_32_BIT_CONVERSION = YES;
				GCC_WARN_ABOUT_RETURN_TYPE = YES_ERROR;
				GCC_WARN_UNDECLARED_SELECTOR = YES;
				GCC_WARN_UNINITIALIZED_AUTOS = YES_AGGRESSIVE;
				GCC_WARN_UNUSED_FUNCTION = YES;
				GCC_WARN_UNUSED_VARIABLE = YES;
				IPHONEOS_DEPLOYMENT_TARGET = 9.0;
				MTL_ENABLE_DEBUG_INFO = NO;
				SDKROOT = iphoneos;
				VALIDATE_PRODUCT = YES;
			};
			name = Release;
		};
		350F58171BC127EE008220EB /* Debug */ = {
			isa = XCBuildConfiguration;
			buildSettings = {
				ASSETCATALOG_COMPILER_APPICON_NAME = AppIcon;
				INFOPLIST_FILE = SKSpriteAnimation/Info.plist;
				LD_RUNPATH_SEARCH_PATHS = "$(inherited) @executable_path/Frameworks";
				PRODUCT_BUNDLE_IDENTIFIER = ru.swiftbook.SKSpriteAnimation;
				PRODUCT_NAME = "$(TARGET_NAME)";
			};
			name = Debug;
		};
		350F58181BC127EE008220EB /* Release */ = {
			isa = XCBuildConfiguration;
			buildSettings = {
				ASSETCATALOG_COMPILER_APPICON_NAME = AppIcon;
				INFOPLIST_FILE = SKSpriteAnimation/Info.plist;
				LD_RUNPATH_SEARCH_PATHS = "$(inherited) @executable_path/Frameworks";
				PRODUCT_BUNDLE_IDENTIFIER = ru.swiftbook.SKSpriteAnimation;
				PRODUCT_NAME = "$(TARGET_NAME)";
			};
			name = Release;
		};
/* End XCBuildConfiguration section */

/* Begin XCConfigurationList section */
		350F57FB1BC127ED008220EB /* Build configuration list for PBXProject "SKSpriteAnimation" */ = {
			isa = XCConfigurationList;
			buildConfigurations = (
				350F58141BC127EE008220EB /* Debug */,
				350F58151BC127EE008220EB /* Release */,
			);
			defaultConfigurationIsVisible = 0;
			defaultConfigurationName = Release;
		};
		350F58161BC127EE008220EB /* Build configuration list for PBXNativeTarget "SKSpriteAnimation" */ = {
			isa = XCConfigurationList;
			buildConfigurations = (
				350F58171BC127EE008220EB /* Debug */,
				350F58181BC127EE008220EB /* Release */,
			);
			defaultConfigurationIsVisible = 0;
		};
/* End XCConfigurationList section */
	};
	rootObject = 350F57F81BC127ED008220EB /* Project object */;
}
