// !$*UTF8*$!
{
	archiveVersion = 1;
	classes = {
	};
	objectVersion = 48;
	objects = {

/* Begin PBXBuildFile section */
		353C1A1F2032ACC400F93504 /* AppDelegate.swift in Sources */ = {isa = PBXBuildFile; fileRef = 353C1A1E2032ACC400F93504 /* AppDelegate.swift */; };
		353C1A212032ACC400F93504 /* ViewController.swift in Sources */ = {isa = PBXBuildFile; fileRef = 353C1A202032ACC400F93504 /* ViewController.swift */; };
		353C1A242032ACC400F93504 /* Main.storyboard in Resources */ = {isa = PBXBuildFile; fileRef = 353C1A222032ACC400F93504 /* Main.storyboard */; };
		353C1A262032ACC400F93504 /* Assets.xcassets in Resources */ = {isa = PBXBuildFile; fileRef = 353C1A252032ACC400F93504 /* Assets.xcassets */; };
		353C1A292032ACC400F93504 /* LaunchScreen.storyboard in Resources */ = {isa = PBXBuildFile; fileRef = 353C1A272032ACC400F93504 /* LaunchScreen.storyboard */; };
		353C1A422032BD9A00F93504 /* man.png in Resources */ = {isa = PBXBuildFile; fileRef = 353C1A402032BD9A00F93504 /* man.png */; };
		353C1A432032BD9A00F93504 /* woman.png in Resources */ = {isa = PBXBuildFile; fileRef = 353C1A412032BD9A00F93504 /* woman.png */; };
/* End PBXBuildFile section */

/* Begin PBXFileReference section */
		353C1A1B2032ACC400F93504 /* Icon.app */ = {isa = PBXFileReference; explicitFileType = wrapper.application; includeInIndex = 0; path = Icon.app; sourceTree = BUILT_PRODUCTS_DIR; };
		353C1A1E2032ACC400F93504 /* AppDelegate.swift */ = {isa = PBXFileReference; lastKnownFileType = sourcecode.swift; path = AppDelegate.swift; sourceTree = "<group>"; };
		353C1A202032ACC400F93504 /* ViewController.swift */ = {isa = PBXFileReference; lastKnownFileType = sourcecode.swift; path = ViewController.swift; sourceTree = "<group>"; };
		353C1A232032ACC400F93504 /* Base */ = {isa = PBXFileReference; lastKnownFileType = file.storyboard; name = Base; path = Base.lproj/Main.storyboard; sourceTree = "<group>"; };
		353C1A252032ACC400F93504 /* Assets.xcassets */ = {isa = PBXFileReference; lastKnownFileType = folder.assetcatalog; path = Assets.xcassets; sourceTree = "<group>"; };
		353C1A282032ACC400F93504 /* Base */ = {isa = PBXFileReference; lastKnownFileType = file.storyboard; name = Base; path = Base.lproj/LaunchScreen.storyboard; sourceTree = "<group>"; };
		353C1A2A2032ACC400F93504 /* Info.plist */ = {isa = PBXFileReference; lastKnownFileType = text.plist.xml; path = Info.plist; sourceTree = "<group>"; };
		353C1A402032BD9A00F93504 /* man.png */ = {isa = PBXFileReference; lastKnownFileType = image.png; path = man.png; sourceTree = "<group>"; };
		353C1A412032BD9A00F93504 /* woman.png */ = {isa = PBXFileReference; lastKnownFileType = image.png; path = woman.png; sourceTree = "<group>"; };
/* End PBXFileReference section */

/* Begin PBXFrameworksBuildPhase section */
		353C1A182032ACC400F93504 /* Frameworks */ = {
			isa = PBXFrameworksBuildPhase;
			buildActionMask = 2147483647;
			files = (
			);
			runOnlyForDeploymentPostprocessing = 0;
		};
/* End PBXFrameworksBuildPhase section */

/* Begin PBXGroup section */
		353C1A122032ACC400F93504 = {
			isa = PBXGroup;
			children = (
				353C1A1D2032ACC400F93504 /* Icon */,
				353C1A1C2032ACC400F93504 /* Products */,
			);
			sourceTree = "<group>";
		};
		353C1A1C2032ACC400F93504 /* Products */ = {
			isa = PBXGroup;
			children = (
				353C1A1B2032ACC400F93504 /* Icon.app */,
			);
			name = Products;
			sourceTree = "<group>";
		};
		353C1A1D2032ACC400F93504 /* Icon */ = {
			isa = PBXGroup;
			children = (
				353C1A1E2032ACC400F93504 /* AppDelegate.swift */,
				353C1A202032ACC400F93504 /* ViewController.swift */,
				353C1A222032ACC400F93504 /* Main.storyboard */,
				353C1A252032ACC400F93504 /* Assets.xcassets */,
				353C1A272032ACC400F93504 /* LaunchScreen.storyboard */,
				353C1A2A2032ACC400F93504 /* Info.plist */,
				353C1A402032BD9A00F93504 /* man.png */,
				353C1A412032BD9A00F93504 /* woman.png */,
			);
			path = Icon;
			sourceTree = "<group>";
		};
/* End PBXGroup section */

/* Begin PBXNativeTarget section */
		353C1A1A2032ACC400F93504 /* Icon */ = {
			isa = PBXNativeTarget;
			buildConfigurationList = 353C1A2D2032ACC400F93504 /* Build configuration list for PBXNativeTarget "Icon" */;
			buildPhases = (
				353C1A172032ACC400F93504 /* Sources */,
				353C1A182032ACC400F93504 /* Frameworks */,
				353C1A192032ACC400F93504 /* Resources */,
			);
			buildRules = (
			);
			dependencies = (
			);
			name = Icon;
			productName = Icon;
			productReference = 353C1A1B2032ACC400F93504 /* Icon.app */;
			productType = "com.apple.product-type.application";
		};
/* End PBXNativeTarget section */

/* Begin PBXProject section */
		353C1A132032ACC400F93504 /* Project object */ = {
			isa = PBXProject;
			attributes = {
				LastSwiftUpdateCheck = 0920;
				LastUpgradeCheck = 0920;
				ORGANIZATIONNAME = "Ivan Akulov";
				TargetAttributes = {
					353C1A1A2032ACC400F93504 = {
						CreatedOnToolsVersion = 9.2;
						ProvisioningStyle = Automatic;
					};
				};
			};
			buildConfigurationList = 353C1A162032ACC400F93504 /* Build configuration list for PBXProject "Icon" */;
			compatibilityVersion = "Xcode 8.0";
			developmentRegion = en;
			hasScannedForEncodings = 0;
			knownRegions = (
				en,
				Base,
			);
			mainGroup = 353C1A122032ACC400F93504;
			productRefGroup = 353C1A1C2032ACC400F93504 /* Products */;
			projectDirPath = "";
			projectRoot = "";
			targets = (
				353C1A1A2032ACC400F93504 /* Icon */,
			);
		};
/* End PBXProject section */

/* Begin PBXResourcesBuildPhase section */
		353C1A192032ACC400F93504 /* Resources */ = {
			isa = PBXResourcesBuildPhase;
			buildActionMask = 2147483647;
			files = (
				353C1A292032ACC400F93504 /* LaunchScreen.storyboard in Resources */,
				353C1A432032BD9A00F93504 /* woman.png in Resources */,
				353C1A262032ACC400F93504 /* Assets.xcassets in Resources */,
				353C1A422032BD9A00F93504 /* man.png in Resources */,
				353C1A242032ACC400F93504 /* Main.storyboard in Resources */,
			);
			runOnlyForDeploymentPostprocessing = 0;
		};
/* End PBXResourcesBuildPhase section */

/* Begin PBXSourcesBuildPhase section */
		353C1A172032ACC400F93504 /* Sources */ = {
			isa = PBXSourcesBuildPhase;
			buildActionMask = 2147483647;
			files = (
				353C1A212032ACC400F93504 /* ViewController.swift in Sources */,
				353C1A1F2032ACC400F93504 /* AppDelegate.swift in Sources */,
			);
			runOnlyForDeploymentPostprocessing = 0;
		};
/* End PBXSourcesBuildPhase section */

/* Begin PBXVariantGroup section */
		353C1A222032ACC400F93504 /* Main.storyboard */ = {
			isa = PBXVariantGroup;
			children = (
				353C1A232032ACC400F93504 /* Base */,
			);
			name = Main.storyboard;
			sourceTree = "<group>";
		};
		353C1A272032ACC400F93504 /* LaunchScreen.storyboard */ = {
			isa = PBXVariantGroup;
			children = (
				353C1A282032ACC400F93504 /* Base */,
			);
			name = LaunchScreen.storyboard;
			sourceTree = "<group>";
		};
/* End PBXVariantGroup section */

/* Begin XCBuildConfiguration section */
		353C1A2B2032ACC400F93504 /* Debug */ = {
			isa = XCBuildConfiguration;
			buildSettings = {
				ALWAYS_SEARCH_USER_PATHS = NO;
				CLANG_ANALYZER_NONNULL = YES;
				CLANG_ANALYZER_NUMBER_OBJECT_CONVERSION = YES_AGGRESSIVE;
				CLANG_CXX_LANGUAGE_STANDARD = "gnu++14";
				CLANG_CXX_LIBRARY = "libc++";
				CLANG_ENABLE_MODULES = YES;
				CLANG_ENABLE_OBJC_ARC = YES;
				CLANG_WARN_BLOCK_CAPTURE_AUTORELEASING = YES;
				CLANG_WARN_BOOL_CONVERSION = YES;
				CLANG_WARN_COMMA = YES;
				CLANG_WARN_CONSTANT_CONVERSION = YES;
				CLANG_WARN_DIRECT_OBJC_ISA_USAGE = YES_ERROR;
				CLANG_WARN_DOCUMENTATION_COMMENTS = YES;
				CLANG_WARN_EMPTY_BODY = YES;
				CLANG_WARN_ENUM_CONVERSION = YES;
				CLANG_WARN_INFINITE_RECURSION = YES;
				CLANG_WARN_INT_CONVERSION = YES;
				CLANG_WARN_NON_LITERAL_NULL_CONVERSION = YES;
				CLANG_WARN_OBJC_LITERAL_CONVERSION = YES;
				CLANG_WARN_OBJC_ROOT_CLASS = YES_ERROR;
				CLANG_WARN_RANGE_LOOP_ANALYSIS = YES;
				CLANG_WARN_STRICT_PROTOTYPES = YES;
				CLANG_WARN_SUSPICIOUS_MOVE = YES;
				CLANG_WARN_UNGUARDED_AVAILABILITY = YES_AGGRESSIVE;
				CLANG_WARN_UNREACHABLE_CODE = YES;
				CLANG_WARN__DUPLICATE_METHOD_MATCH = YES;
				CODE_SIGN_IDENTITY = "iPhone Developer";
				COPY_PHASE_STRIP = NO;
				DEBUG_INFORMATION_FORMAT = dwarf;
				ENABLE_STRICT_OBJC_MSGSEND = YES;
				ENABLE_TESTABILITY = YES;
				GCC_C_LANGUAGE_STANDARD = gnu11;
				GCC_DYNAMIC_NO_PIC = NO;
				GCC_NO_COMMON_BLOCKS = YES;
				GCC_OPTIMIZATION_LEVEL = 0;
				GCC_PREPROCESSOR_DEFINITIONS = (
					"DEBUG=1",
					"$(inherited)",
				);
				GCC_WARN_64_TO_32_BIT_CONVERSION = YES;
				GCC_WARN_ABOUT_RETURN_TYPE = YES_ERROR;
				GCC_WARN_UNDECLARED_SELECTOR = YES;
				GCC_WARN_UNINITIALIZED_AUTOS = YES_AGGRESSIVE;
				GCC_WARN_UNUSED_FUNCTION = YES;
				GCC_WARN_UNUSED_VARIABLE = YES;
				IPHONEOS_DEPLOYMENT_TARGET = 11.2;
				MTL_ENABLE_DEBUG_INFO = YES;
				ONLY_ACTIVE_ARCH = YES;
				SDKROOT = iphoneos;
				SWIFT_ACTIVE_COMPILATION_CONDITIONS = DEBUG;
				SWIFT_OPTIMIZATION_LEVEL = "-Onone";
			};
			name = Debug;
		};
		353C1A2C2032ACC400F93504 /* Release */ = {
			isa = XCBuildConfiguration;
			buildSettings = {
				ALWAYS_SEARCH_USER_PATHS = NO;
				CLANG_ANALYZER_NONNULL = YES;
				CLANG_ANALYZER_NUMBER_OBJECT_CONVERSION = YES_AGGRESSIVE;
				CLANG_CXX_LANGUAGE_STANDARD = "gnu++14";
				CLANG_CXX_LIBRARY = "libc++";
				CLANG_ENABLE_MODULES = YES;
				CLANG_ENABLE_OBJC_ARC = YES;
				CLANG_WARN_BLOCK_CAPTURE_AUTORELEASING = YES;
				CLANG_WARN_BOOL_CONVERSION = YES;
				CLANG_WARN_COMMA = YES;
				CLANG_WARN_CONSTANT_CONVERSION = YES;
				CLANG_WARN_DIRECT_OBJC_ISA_USAGE = YES_ERROR;
				CLANG_WARN_DOCUMENTATION_COMMENTS = YES;
				CLANG_WARN_EMPTY_BODY = YES;
				CLANG_WARN_ENUM_CONVERSION = YES;
				CLANG_WARN_INFINITE_RECURSION = YES;
				CLANG_WARN_INT_CONVERSION = YES;
				CLANG_WARN_NON_LITERAL_NULL_CONVERSION = YES;
				CLANG_WARN_OBJC_LITERAL_CONVERSION = YES;
				CLANG_WARN_OBJC_ROOT_CLASS = YES_ERROR;
				CLANG_WARN_RANGE_LOOP_ANALYSIS = YES;
				CLANG_WARN_STRICT_PROTOTYPES = YES;
				CLANG_WARN_SUSPICIOUS_MOVE = YES;
				CLANG_WARN_UNGUARDED_AVAILABILITY = YES_AGGRESSIVE;
				CLANG_WARN_UNREACHABLE_CODE = YES;
				CLANG_WARN__DUPLICATE_METHOD_MATCH = YES;
				CODE_SIGN_IDENTITY = "iPhone Developer";
				COPY_PHASE_STRIP = NO;
				DEBUG_INFORMATION_FORMAT = "dwarf-with-dsym";
				ENABLE_NS_ASSERTIONS = NO;
				ENABLE_STRICT_OBJC_MSGSEND = YES;
				GCC_C_LANGUAGE_STANDARD = gnu11;
				GCC_NO_COMMON_BLOCKS = YES;
				GCC_WARN_64_TO_32_BIT_CONVERSION = YES;
				GCC_WARN_ABOUT_RETURN_TYPE = YES_ERROR;
				GCC_WARN_UNDECLARED_SELECTOR = YES;
				GCC_WARN_UNINITIALIZED_AUTOS = YES_AGGRESSIVE;
				GCC_WARN_UNUSED_FUNCTION = YES;
				GCC_WARN_UNUSED_VARIABLE = YES;
				IPHONEOS_DEPLOYMENT_TARGET = 11.2;
				MTL_ENABLE_DEBUG_INFO = NO;
				SDKROOT = iphoneos;
				SWIFT_OPTIMIZATION_LEVEL = "-Owholemodule";
				VALIDATE_PRODUCT = YES;
			};
			name = Release;
		};
		353C1A2E2032ACC400F93504 /* Debug */ = {
			isa = XCBuildConfiguration;
			buildSettings = {
				ASSETCATALOG_COMPILER_APPICON_NAME = AppIcon;
				CODE_SIGN_STYLE = Automatic;
				DEVELOPMENT_TEAM = 5H969S6YFE;
				INFOPLIST_FILE = Icon/Info.plist;
				LD_RUNPATH_SEARCH_PATHS = "$(inherited) @executable_path/Frameworks";
				PRODUCT_BUNDLE_IDENTIFIER = ru.swiftbook.Icon;
				PRODUCT_NAME = "$(TARGET_NAME)";
				SWIFT_VERSION = 4.0;
				TARGETED_DEVICE_FAMILY = "1,2";
			};
			name = Debug;
		};
		353C1A2F2032ACC400F93504 /* Release */ = {
			isa = XCBuildConfiguration;
			buildSettings = {
				ASSETCATALOG_COMPILER_APPICON_NAME = AppIcon;
				CODE_SIGN_STYLE = Automatic;
				DEVELOPMENT_TEAM = 5H969S6YFE;
				INFOPLIST_FILE = Icon/Info.plist;
				LD_RUNPATH_SEARCH_PATHS = "$(inherited) @executable_path/Frameworks";
				PRODUCT_BUNDLE_IDENTIFIER = ru.swiftbook.Icon;
				PRODUCT_NAME = "$(TARGET_NAME)";
				SWIFT_VERSION = 4.0;
				TARGETED_DEVICE_FAMILY = "1,2";
			};
			name = Release;
		};
/* End XCBuildConfiguration section */

/* Begin XCConfigurationList section */
		353C1A162032ACC400F93504 /* Build configuration list for PBXProject "Icon" */ = {
			isa = XCConfigurationList;
			buildConfigurations = (
				353C1A2B2032ACC400F93504 /* Debug */,
				353C1A2C2032ACC400F93504 /* Release */,
			);
			defaultConfigurationIsVisible = 0;
			defaultConfigurationName = Release;
		};
		353C1A2D2032ACC400F93504 /* Build configuration list for PBXNativeTarget "Icon" */ = {
			isa = XCConfigurationList;
			buildConfigurations = (
				353C1A2E2032ACC400F93504 /* Debug */,
				353C1A2F2032ACC400F93504 /* Release */,
			);
			defaultConfigurationIsVisible = 0;
			defaultConfigurationName = Release;
		};
/* End XCConfigurationList section */
	};
	rootObject = 353C1A132032ACC400F93504 /* Project object */;
}
