// !$*UTF8*$!
{
	archiveVersion = 1;
	classes = {
	};
	objectVersion = 46;
	objects = {

/* Begin PBXBuildFile section */
		3549C9851E5590BC00AF489C /* AppDelegate.swift in Sources */ = {isa = PBXBuildFile; fileRef = 3549C9841E5590BC00AF489C /* AppDelegate.swift */; };
		3549C9871E5590BC00AF489C /* ViewController.swift in Sources */ = {isa = PBXBuildFile; fileRef = 3549C9861E5590BC00AF489C /* ViewController.swift */; };
		3549C98A1E5590BC00AF489C /* Main.storyboard in Resources */ = {isa = PBXBuildFile; fileRef = 3549C9881E5590BC00AF489C /* Main.storyboard */; };
		3549C98C1E5590BC00AF489C /* Assets.xcassets in Resources */ = {isa = PBXBuildFile; fileRef = 3549C98B1E5590BC00AF489C /* Assets.xcassets */; };
		3549C98F1E5590BC00AF489C /* LaunchScreen.storyboard in Resources */ = {isa = PBXBuildFile; fileRef = 3549C98D1E5590BC00AF489C /* LaunchScreen.storyboard */; };
/* End PBXBuildFile section */

/* Begin PBXFileReference section */
		3549C9811E5590BC00AF489C /* HideTheKeyboard.app */ = {isa = PBXFileReference; explicitFileType = wrapper.application; includeInIndex = 0; path = HideTheKeyboard.app; sourceTree = BUILT_PRODUCTS_DIR; };
		3549C9841E5590BC00AF489C /* AppDelegate.swift */ = {isa = PBXFileReference; lastKnownFileType = sourcecode.swift; path = AppDelegate.swift; sourceTree = "<group>"; };
		3549C9861E5590BC00AF489C /* ViewController.swift */ = {isa = PBXFileReference; lastKnownFileType = sourcecode.swift; path = ViewController.swift; sourceTree = "<group>"; };
		3549C9891E5590BC00AF489C /* Base */ = {isa = PBXFileReference; lastKnownFileType = file.storyboard; name = Base; path = Base.lproj/Main.storyboard; sourceTree = "<group>"; };
		3549C98B1E5590BC00AF489C /* Assets.xcassets */ = {isa = PBXFileReference; lastKnownFileType = folder.assetcatalog; path = Assets.xcassets; sourceTree = "<group>"; };
		3549C98E1E5590BC00AF489C /* Base */ = {isa = PBXFileReference; lastKnownFileType = file.storyboard; name = Base; path = Base.lproj/LaunchScreen.storyboard; sourceTree = "<group>"; };
		3549C9901E5590BC00AF489C /* Info.plist */ = {isa = PBXFileReference; lastKnownFileType = text.plist.xml; path = Info.plist; sourceTree = "<group>"; };
/* End PBXFileReference section */

/* Begin PBXFrameworksBuildPhase section */
		3549C97E1E5590BC00AF489C /* Frameworks */ = {
			isa = PBXFrameworksBuildPhase;
			buildActionMask = 2147483647;
			files = (
			);
			runOnlyForDeploymentPostprocessing = 0;
		};
/* End PBXFrameworksBuildPhase section */

/* Begin PBXGroup section */
		3549C9781E5590BC00AF489C = {
			isa = PBXGroup;
			children = (
				3549C9831E5590BC00AF489C /* HideTheKeyboard */,
				3549C9821E5590BC00AF489C /* Products */,
			);
			sourceTree = "<group>";
		};
		3549C9821E5590BC00AF489C /* Products */ = {
			isa = PBXGroup;
			children = (
				3549C9811E5590BC00AF489C /* HideTheKeyboard.app */,
			);
			name = Products;
			sourceTree = "<group>";
		};
		3549C9831E5590BC00AF489C /* HideTheKeyboard */ = {
			isa = PBXGroup;
			children = (
				3549C9841E5590BC00AF489C /* AppDelegate.swift */,
				3549C9861E5590BC00AF489C /* ViewController.swift */,
				3549C9881E5590BC00AF489C /* Main.storyboard */,
				3549C98B1E5590BC00AF489C /* Assets.xcassets */,
				3549C98D1E5590BC00AF489C /* LaunchScreen.storyboard */,
				3549C9901E5590BC00AF489C /* Info.plist */,
			);
			path = HideTheKeyboard;
			sourceTree = "<group>";
		};
/* End PBXGroup section */

/* Begin PBXNativeTarget section */
		3549C9801E5590BC00AF489C /* HideTheKeyboard */ = {
			isa = PBXNativeTarget;
			buildConfigurationList = 3549C9931E5590BC00AF489C /* Build configuration list for PBXNativeTarget "HideTheKeyboard" */;
			buildPhases = (
				3549C97D1E5590BC00AF489C /* Sources */,
				3549C97E1E5590BC00AF489C /* Frameworks */,
				3549C97F1E5590BC00AF489C /* Resources */,
			);
			buildRules = (
			);
			dependencies = (
			);
			name = HideTheKeyboard;
			productName = HideTheKeyboard;
			productReference = 3549C9811E5590BC00AF489C /* HideTheKeyboard.app */;
			productType = "com.apple.product-type.application";
		};
/* End PBXNativeTarget section */

/* Begin PBXProject section */
		3549C9791E5590BC00AF489C /* Project object */ = {
			isa = PBXProject;
			attributes = {
				LastSwiftUpdateCheck = 0820;
				LastUpgradeCheck = 0820;
				ORGANIZATIONNAME = "Ivan Akulov";
				TargetAttributes = {
					3549C9801E5590BC00AF489C = {
						CreatedOnToolsVersion = 8.2.1;
						DevelopmentTeam = 5H969S6YFE;
						ProvisioningStyle = Automatic;
					};
				};
			};
			buildConfigurationList = 3549C97C1E5590BC00AF489C /* Build configuration list for PBXProject "HideTheKeyboard" */;
			compatibilityVersion = "Xcode 3.2";
			developmentRegion = English;
			hasScannedForEncodings = 0;
			knownRegions = (
				en,
				Base,
			);
			mainGroup = 3549C9781E5590BC00AF489C;
			productRefGroup = 3549C9821E5590BC00AF489C /* Products */;
			projectDirPath = "";
			projectRoot = "";
			targets = (
				3549C9801E5590BC00AF489C /* HideTheKeyboard */,
			);
		};
/* End PBXProject section */

/* Begin PBXResourcesBuildPhase section */
		3549C97F1E5590BC00AF489C /* Resources */ = {
			isa = PBXResourcesBuildPhase;
			buildActionMask = 2147483647;
			files = (
				3549C98F1E5590BC00AF489C /* LaunchScreen.storyboard in Resources */,
				3549C98C1E5590BC00AF489C /* Assets.xcassets in Resources */,
				3549C98A1E5590BC00AF489C /* Main.storyboard in Resources */,
			);
			runOnlyForDeploymentPostprocessing = 0;
		};
/* End PBXResourcesBuildPhase section */

/* Begin PBXSourcesBuildPhase section */
		3549C97D1E5590BC00AF489C /* Sources */ = {
			isa = PBXSourcesBuildPhase;
			buildActionMask = 2147483647;
			files = (
				3549C9871E5590BC00AF489C /* ViewController.swift in Sources */,
				3549C9851E5590BC00AF489C /* AppDelegate.swift in Sources */,
			);
			runOnlyForDeploymentPostprocessing = 0;
		};
/* End PBXSourcesBuildPhase section */

/* Begin PBXVariantGroup section */
		3549C9881E5590BC00AF489C /* Main.storyboard */ = {
			isa = PBXVariantGroup;
			children = (
				3549C9891E5590BC00AF489C /* Base */,
			);
			name = Main.storyboard;
			sourceTree = "<group>";
		};
		3549C98D1E5590BC00AF489C /* LaunchScreen.storyboard */ = {
			isa = PBXVariantGroup;
			children = (
				3549C98E1E5590BC00AF489C /* Base */,
			);
			name = LaunchScreen.storyboard;
			sourceTree = "<group>";
		};
/* End PBXVariantGroup section */

/* Begin XCBuildConfiguration section */
		3549C9911E5590BC00AF489C /* Debug */ = {
			isa = XCBuildConfiguration;
			buildSettings = {
				ALWAYS_SEARCH_USER_PATHS = NO;
				CLANG_ANALYZER_NONNULL = YES;
				CLANG_CXX_LANGUAGE_STANDARD = "gnu++0x";
				CLANG_CXX_LIBRARY = "libc++";
				CLANG_ENABLE_MODULES = YES;
				CLANG_ENABLE_OBJC_ARC = YES;
				CLANG_WARN_BOOL_CONVERSION = YES;
				CLANG_WARN_CONSTANT_CONVERSION = YES;
				CLANG_WARN_DIRECT_OBJC_ISA_USAGE = YES_ERROR;
				CLANG_WARN_DOCUMENTATION_COMMENTS = YES;
				CLANG_WARN_EMPTY_BODY = YES;
				CLANG_WARN_ENUM_CONVERSION = YES;
				CLANG_WARN_INFINITE_RECURSION = YES;
				CLANG_WARN_INT_CONVERSION = YES;
				CLANG_WARN_OBJC_ROOT_CLASS = YES_ERROR;
				CLANG_WARN_SUSPICIOUS_MOVE = YES;
				CLANG_WARN_UNREACHABLE_CODE = YES;
				CLANG_WARN__DUPLICATE_METHOD_MATCH = YES;
				"CODE_SIGN_IDENTITY[sdk=iphoneos*]" = "iPhone Developer";
				COPY_PHASE_STRIP = NO;
				DEBUG_INFORMATION_FORMAT = dwarf;
				ENABLE_STRICT_OBJC_MSGSEND = YES;
				ENABLE_TESTABILITY = YES;
				GCC_C_LANGUAGE_STANDARD = gnu99;
				GCC_DYNAMIC_NO_PIC = NO;
				GCC_NO_COMMON_BLOCKS = YES;
				GCC_OPTIMIZATION_LEVEL = 0;
				GCC_PREPROCESSOR_DEFINITIONS = (
					"DEBUG=1",
					"$(inherited)",
				);
				GCC_WARN_64_TO_32_BIT_CONVERSION = YES;
				GCC_WARN_ABOUT_RETURN_TYPE = YES_ERROR;
				GCC_WARN_UNDECLARED_SELECTOR = YES;
				GCC_WARN_UNINITIALIZED_AUTOS = YES_AGGRESSIVE;
				GCC_WARN_UNUSED_FUNCTION = YES;
				GCC_WARN_UNUSED_VARIABLE = YES;
				IPHONEOS_DEPLOYMENT_TARGET = 10.2;
				MTL_ENABLE_DEBUG_INFO = YES;
				ONLY_ACTIVE_ARCH = YES;
				SDKROOT = iphoneos;
				SWIFT_ACTIVE_COMPILATION_CONDITIONS = DEBUG;
				SWIFT_OPTIMIZATION_LEVEL = "-Onone";
				TARGETED_DEVICE_FAMILY = "1,2";
			};
			name = Debug;
		};
		3549C9921E5590BC00AF489C /* Release */ = {
			isa = XCBuildConfiguration;
			buildSettings = {
				ALWAYS_SEARCH_USER_PATHS = NO;
				CLANG_ANALYZER_NONNULL = YES;
				CLANG_CXX_LANGUAGE_STANDARD = "gnu++0x";
				CLANG_CXX_LIBRARY = "libc++";
				CLANG_ENABLE_MODULES = YES;
				CLANG_ENABLE_OBJC_ARC = YES;
				CLANG_WARN_BOOL_CONVERSION = YES;
				CLANG_WARN_CONSTANT_CONVERSION = YES;
				CLANG_WARN_DIRECT_OBJC_ISA_USAGE = YES_ERROR;
				CLANG_WARN_DOCUMENTATION_COMMENTS = YES;
				CLANG_WARN_EMPTY_BODY = YES;
				CLANG_WARN_ENUM_CONVERSION = YES;
				CLANG_WARN_INFINITE_RECURSION = YES;
				CLANG_WARN_INT_CONVERSION = YES;
				CLANG_WARN_OBJC_ROOT_CLASS = YES_ERROR;
				CLANG_WARN_SUSPICIOUS_MOVE = YES;
				CLANG_WARN_UNREACHABLE_CODE = YES;
				CLANG_WARN__DUPLICATE_METHOD_MATCH = YES;
				"CODE_SIGN_IDENTITY[sdk=iphoneos*]" = "iPhone Developer";
				COPY_PHASE_STRIP = NO;
				DEBUG_INFORMATION_FORMAT = "dwarf-with-dsym";
				ENABLE_NS_ASSERTIONS = NO;
				ENABLE_STRICT_OBJC_MSGSEND = YES;
				GCC_C_LANGUAGE_STANDARD = gnu99;
				GCC_NO_COMMON_BLOCKS = YES;
				GCC_WARN_64_TO_32_BIT_CONVERSION = YES;
				GCC_WARN_ABOUT_RETURN_TYPE = YES_ERROR;
				GCC_WARN_UNDECLARED_SELECTOR = YES;
				GCC_WARN_UNINITIALIZED_AUTOS = YES_AGGRESSIVE;
				GCC_WARN_UNUSED_FUNCTION = YES;
				GCC_WARN_UNUSED_VARIABLE = YES;
				IPHONEOS_DEPLOYMENT_TARGET = 10.2;
				MTL_ENABLE_DEBUG_INFO = NO;
				SDKROOT = iphoneos;
				SWIFT_OPTIMIZATION_LEVEL = "-Owholemodule";
				TARGETED_DEVICE_FAMILY = "1,2";
				VALIDATE_PRODUCT = YES;
			};
			name = Release;
		};
		3549C9941E5590BC00AF489C /* Debug */ = {
			isa = XCBuildConfiguration;
			buildSettings = {
				ASSETCATALOG_COMPILER_APPICON_NAME = AppIcon;
				DEVELOPMENT_TEAM = 5H969S6YFE;
				INFOPLIST_FILE = HideTheKeyboard/Info.plist;
				LD_RUNPATH_SEARCH_PATHS = "$(inherited) @executable_path/Frameworks";
				PRODUCT_BUNDLE_IDENTIFIER = ru.swiftbook.HideTheKeyboard;
				PRODUCT_NAME = "$(TARGET_NAME)";
				SWIFT_VERSION = 3.0;
			};
			name = Debug;
		};
		3549C9951E5590BC00AF489C /* Release */ = {
			isa = XCBuildConfiguration;
			buildSettings = {
				ASSETCATALOG_COMPILER_APPICON_NAME = AppIcon;
				DEVELOPMENT_TEAM = 5H969S6YFE;
				INFOPLIST_FILE = HideTheKeyboard/Info.plist;
				LD_RUNPATH_SEARCH_PATHS = "$(inherited) @executable_path/Frameworks";
				PRODUCT_BUNDLE_IDENTIFIER = ru.swiftbook.HideTheKeyboard;
				PRODUCT_NAME = "$(TARGET_NAME)";
				SWIFT_VERSION = 3.0;
			};
			name = Release;
		};
/* End XCBuildConfiguration section */

/* Begin XCConfigurationList section */
		3549C97C1E5590BC00AF489C /* Build configuration list for PBXProject "HideTheKeyboard" */ = {
			isa = XCConfigurationList;
			buildConfigurations = (
				3549C9911E5590BC00AF489C /* Debug */,
				3549C9921E5590BC00AF489C /* Release */,
			);
			defaultConfigurationIsVisible = 0;
			defaultConfigurationName = Release;
		};
		3549C9931E5590BC00AF489C /* Build configuration list for PBXNativeTarget "HideTheKeyboard" */ = {
			isa = XCConfigurationList;
			buildConfigurations = (
				3549C9941E5590BC00AF489C /* Debug */,
				3549C9951E5590BC00AF489C /* Release */,
			);
			defaultConfigurationIsVisible = 0;
			defaultConfigurationName = Release;
		};
/* End XCConfigurationList section */
	};
	rootObject = 3549C9791E5590BC00AF489C /* Project object */;
}
