// !$*UTF8*$!
{
	archiveVersion = 1;
	classes = {
	};
	objectVersion = 46;
	objects = {

/* Begin PBXBuildFile section */
		35291D781B8DFDF0009400E1 /* AppDelegate.swift in Sources */ = {isa = PBXBuildFile; fileRef = 35291D771B8DFDF0009400E1 /* AppDelegate.swift */; };
		35291D7A1B8DFDF0009400E1 /* ViewController.swift in Sources */ = {isa = PBXBuildFile; fileRef = 35291D791B8DFDF0009400E1 /* ViewController.swift */; };
		35291D7D1B8DFDF0009400E1 /* Main.storyboard in Resources */ = {isa = PBXBuildFile; fileRef = 35291D7B1B8DFDF0009400E1 /* Main.storyboard */; };
		35291D7F1B8DFDF0009400E1 /* Assets.xcassets in Resources */ = {isa = PBXBuildFile; fileRef = 35291D7E1B8DFDF0009400E1 /* Assets.xcassets */; };
		35291D821B8DFDF0009400E1 /* LaunchScreen.storyboard in Resources */ = {isa = PBXBuildFile; fileRef = 35291D801B8DFDF0009400E1 /* LaunchScreen.storyboard */; };
		35291D8A1B8DFE3A009400E1 /* SecondVC.swift in Sources */ = {isa = PBXBuildFile; fileRef = 35291D891B8DFE3A009400E1 /* SecondVC.swift */; };
/* End PBXBuildFile section */

/* Begin PBXFileReference section */
		35291D741B8DFDEF009400E1 /* PassData.app */ = {isa = PBXFileReference; explicitFileType = wrapper.application; includeInIndex = 0; path = PassData.app; sourceTree = BUILT_PRODUCTS_DIR; };
		35291D771B8DFDF0009400E1 /* AppDelegate.swift */ = {isa = PBXFileReference; lastKnownFileType = sourcecode.swift; path = AppDelegate.swift; sourceTree = "<group>"; };
		35291D791B8DFDF0009400E1 /* ViewController.swift */ = {isa = PBXFileReference; lastKnownFileType = sourcecode.swift; path = ViewController.swift; sourceTree = "<group>"; };
		35291D7C1B8DFDF0009400E1 /* Base */ = {isa = PBXFileReference; lastKnownFileType = file.storyboard; name = Base; path = Base.lproj/Main.storyboard; sourceTree = "<group>"; };
		35291D7E1B8DFDF0009400E1 /* Assets.xcassets */ = {isa = PBXFileReference; lastKnownFileType = folder.assetcatalog; path = Assets.xcassets; sourceTree = "<group>"; };
		35291D811B8DFDF0009400E1 /* Base */ = {isa = PBXFileReference; lastKnownFileType = file.storyboard; name = Base; path = Base.lproj/LaunchScreen.storyboard; sourceTree = "<group>"; };
		35291D831B8DFDF0009400E1 /* Info.plist */ = {isa = PBXFileReference; lastKnownFileType = text.plist.xml; path = Info.plist; sourceTree = "<group>"; };
		35291D891B8DFE3A009400E1 /* SecondVC.swift */ = {isa = PBXFileReference; fileEncoding = 4; lastKnownFileType = sourcecode.swift; path = SecondVC.swift; sourceTree = "<group>"; };
/* End PBXFileReference section */

/* Begin PBXFrameworksBuildPhase section */
		35291D711B8DFDEF009400E1 /* Frameworks */ = {
			isa = PBXFrameworksBuildPhase;
			buildActionMask = 2147483647;
			files = (
			);
			runOnlyForDeploymentPostprocessing = 0;
		};
/* End PBXFrameworksBuildPhase section */

/* Begin PBXGroup section */
		35291D6B1B8DFDEF009400E1 = {
			isa = PBXGroup;
			children = (
				35291D761B8DFDEF009400E1 /* PassData */,
				35291D751B8DFDEF009400E1 /* Products */,
			);
			sourceTree = "<group>";
		};
		35291D751B8DFDEF009400E1 /* Products */ = {
			isa = PBXGroup;
			children = (
				35291D741B8DFDEF009400E1 /* PassData.app */,
			);
			name = Products;
			sourceTree = "<group>";
		};
		35291D761B8DFDEF009400E1 /* PassData */ = {
			isa = PBXGroup;
			children = (
				35291D771B8DFDF0009400E1 /* AppDelegate.swift */,
				35291D791B8DFDF0009400E1 /* ViewController.swift */,
				35291D891B8DFE3A009400E1 /* SecondVC.swift */,
				35291D7B1B8DFDF0009400E1 /* Main.storyboard */,
				35291D7E1B8DFDF0009400E1 /* Assets.xcassets */,
				35291D801B8DFDF0009400E1 /* LaunchScreen.storyboard */,
				35291D831B8DFDF0009400E1 /* Info.plist */,
			);
			path = PassData;
			sourceTree = "<group>";
		};
/* End PBXGroup section */

/* Begin PBXNativeTarget section */
		35291D731B8DFDEF009400E1 /* PassData */ = {
			isa = PBXNativeTarget;
			buildConfigurationList = 35291D861B8DFDF0009400E1 /* Build configuration list for PBXNativeTarget "PassData" */;
			buildPhases = (
				35291D701B8DFDEF009400E1 /* Sources */,
				35291D711B8DFDEF009400E1 /* Frameworks */,
				35291D721B8DFDEF009400E1 /* Resources */,
			);
			buildRules = (
			);
			dependencies = (
			);
			name = PassData;
			productName = PassData;
			productReference = 35291D741B8DFDEF009400E1 /* PassData.app */;
			productType = "com.apple.product-type.application";
		};
/* End PBXNativeTarget section */

/* Begin PBXProject section */
		35291D6C1B8DFDEF009400E1 /* Project object */ = {
			isa = PBXProject;
			attributes = {
				LastUpgradeCheck = 0700;
				ORGANIZATIONNAME = "Ivan Akulov";
				TargetAttributes = {
					35291D731B8DFDEF009400E1 = {
						CreatedOnToolsVersion = 7.0;
					};
				};
			};
			buildConfigurationList = 35291D6F1B8DFDEF009400E1 /* Build configuration list for PBXProject "PassData" */;
			compatibilityVersion = "Xcode 3.2";
			developmentRegion = English;
			hasScannedForEncodings = 0;
			knownRegions = (
				en,
				Base,
			);
			mainGroup = 35291D6B1B8DFDEF009400E1;
			productRefGroup = 35291D751B8DFDEF009400E1 /* Products */;
			projectDirPath = "";
			projectRoot = "";
			targets = (
				35291D731B8DFDEF009400E1 /* PassData */,
			);
		};
/* End PBXProject section */

/* Begin PBXResourcesBuildPhase section */
		35291D721B8DFDEF009400E1 /* Resources */ = {
			isa = PBXResourcesBuildPhase;
			buildActionMask = 2147483647;
			files = (
				35291D821B8DFDF0009400E1 /* LaunchScreen.storyboard in Resources */,
				35291D7F1B8DFDF0009400E1 /* Assets.xcassets in Resources */,
				35291D7D1B8DFDF0009400E1 /* Main.storyboard in Resources */,
			);
			runOnlyForDeploymentPostprocessing = 0;
		};
/* End PBXResourcesBuildPhase section */

/* Begin PBXSourcesBuildPhase section */
		35291D701B8DFDEF009400E1 /* Sources */ = {
			isa = PBXSourcesBuildPhase;
			buildActionMask = 2147483647;
			files = (
				35291D7A1B8DFDF0009400E1 /* ViewController.swift in Sources */,
				35291D8A1B8DFE3A009400E1 /* SecondVC.swift in Sources */,
				35291D781B8DFDF0009400E1 /* AppDelegate.swift in Sources */,
			);
			runOnlyForDeploymentPostprocessing = 0;
		};
/* End PBXSourcesBuildPhase section */

/* Begin PBXVariantGroup section */
		35291D7B1B8DFDF0009400E1 /* Main.storyboard */ = {
			isa = PBXVariantGroup;
			children = (
				35291D7C1B8DFDF0009400E1 /* Base */,
			);
			name = Main.storyboard;
			sourceTree = "<group>";
		};
		35291D801B8DFDF0009400E1 /* LaunchScreen.storyboard */ = {
			isa = PBXVariantGroup;
			children = (
				35291D811B8DFDF0009400E1 /* Base */,
			);
			name = LaunchScreen.storyboard;
			sourceTree = "<group>";
		};
/* End PBXVariantGroup section */

/* Begin XCBuildConfiguration section */
		35291D841B8DFDF0009400E1 /* Debug */ = {
			isa = XCBuildConfiguration;
			buildSettings = {
				ALWAYS_SEARCH_USER_PATHS = NO;
				CLANG_CXX_LANGUAGE_STANDARD = "gnu++0x";
				CLANG_CXX_LIBRARY = "libc++";
				CLANG_ENABLE_MODULES = YES;
				CLANG_ENABLE_OBJC_ARC = YES;
				CLANG_WARN_BOOL_CONVERSION = YES;
				CLANG_WARN_CONSTANT_CONVERSION = YES;
				CLANG_WARN_DIRECT_OBJC_ISA_USAGE = YES_ERROR;
				CLANG_WARN_EMPTY_BODY = YES;
				CLANG_WARN_ENUM_CONVERSION = YES;
				CLANG_WARN_INT_CONVERSION = YES;
				CLANG_WARN_OBJC_ROOT_CLASS = YES_ERROR;
				CLANG_WARN_UNREACHABLE_CODE = YES;
				CLANG_WARN__DUPLICATE_METHOD_MATCH = YES;
				"CODE_SIGN_IDENTITY[sdk=iphoneos*]" = "iPhone Developer";
				COPY_PHASE_STRIP = NO;
				DEBUG_INFORMATION_FORMAT = dwarf;
				ENABLE_STRICT_OBJC_MSGSEND = YES;
				ENABLE_TESTABILITY = YES;
				GCC_C_LANGUAGE_STANDARD = gnu99;
				GCC_DYNAMIC_NO_PIC = NO;
				GCC_NO_COMMON_BLOCKS = YES;
				GCC_OPTIMIZATION_LEVEL = 0;
				GCC_PREPROCESSOR_DEFINITIONS = (
					"DEBUG=1",
					"$(inherited)",
				);
				GCC_WARN_64_TO_32_BIT_CONVERSION = YES;
				GCC_WARN_ABOUT_RETURN_TYPE = YES_ERROR;
				GCC_WARN_UNDECLARED_SELECTOR = YES;
				GCC_WARN_UNINITIALIZED_AUTOS = YES_AGGRESSIVE;
				GCC_WARN_UNUSED_FUNCTION = YES;
				GCC_WARN_UNUSED_VARIABLE = YES;
				IPHONEOS_DEPLOYMENT_TARGET = 9.0;
				MTL_ENABLE_DEBUG_INFO = YES;
				ONLY_ACTIVE_ARCH = YES;
				SDKROOT = iphoneos;
				SWIFT_OPTIMIZATION_LEVEL = "-Onone";
			};
			name = Debug;
		};
		35291D851B8DFDF0009400E1 /* Release */ = {
			isa = XCBuildConfiguration;
			buildSettings = {
				ALWAYS_SEARCH_USER_PATHS = NO;
				CLANG_CXX_LANGUAGE_STANDARD = "gnu++0x";
				CLANG_CXX_LIBRARY = "libc++";
				CLANG_ENABLE_MODULES = YES;
				CLANG_ENABLE_OBJC_ARC = YES;
				CLANG_WARN_BOOL_CONVERSION = YES;
				CLANG_WARN_CONSTANT_CONVERSION = YES;
				CLANG_WARN_DIRECT_OBJC_ISA_USAGE = YES_ERROR;
				CLANG_WARN_EMPTY_BODY = YES;
				CLANG_WARN_ENUM_CONVERSION = YES;
				CLANG_WARN_INT_CONVERSION = YES;
				CLANG_WARN_OBJC_ROOT_CLASS = YES_ERROR;
				CLANG_WARN_UNREACHABLE_CODE = YES;
				CLANG_WARN__DUPLICATE_METHOD_MATCH = YES;
				"CODE_SIGN_IDENTITY[sdk=iphoneos*]" = "iPhone Developer";
				COPY_PHASE_STRIP = NO;
				DEBUG_INFORMATION_FORMAT = "dwarf-with-dsym";
				ENABLE_NS_ASSERTIONS = NO;
				ENABLE_STRICT_OBJC_MSGSEND = YES;
				GCC_C_LANGUAGE_STANDARD = gnu99;
				GCC_NO_COMMON_BLOCKS = YES;
				GCC_WARN_64_TO_32_BIT_CONVERSION = YES;
				GCC_WARN_ABOUT_RETURN_TYPE = YES_ERROR;
				GCC_WARN_UNDECLARED_SELECTOR = YES;
				GCC_WARN_UNINITIALIZED_AUTOS = YES_AGGRESSIVE;
				GCC_WARN_UNUSED_FUNCTION = YES;
				GCC_WARN_UNUSED_VARIABLE = YES;
				IPHONEOS_DEPLOYMENT_TARGET = 9.0;
				MTL_ENABLE_DEBUG_INFO = NO;
				SDKROOT = iphoneos;
				VALIDATE_PRODUCT = YES;
			};
			name = Release;
		};
		35291D871B8DFDF0009400E1 /* Debug */ = {
			isa = XCBuildConfiguration;
			buildSettings = {
				ASSETCATALOG_COMPILER_APPICON_NAME = AppIcon;
				INFOPLIST_FILE = PassData/Info.plist;
				LD_RUNPATH_SEARCH_PATHS = "$(inherited) @executable_path/Frameworks";
				PRODUCT_BUNDLE_IDENTIFIER = ru.swiftbook.PassData;
				PRODUCT_NAME = "$(TARGET_NAME)";
			};
			name = Debug;
		};
		35291D881B8DFDF0009400E1 /* Release */ = {
			isa = XCBuildConfiguration;
			buildSettings = {
				ASSETCATALOG_COMPILER_APPICON_NAME = AppIcon;
				INFOPLIST_FILE = PassData/Info.plist;
				LD_RUNPATH_SEARCH_PATHS = "$(inherited) @executable_path/Frameworks";
				PRODUCT_BUNDLE_IDENTIFIER = ru.swiftbook.PassData;
				PRODUCT_NAME = "$(TARGET_NAME)";
			};
			name = Release;
		};
/* End XCBuildConfiguration section */

/* Begin XCConfigurationList section */
		35291D6F1B8DFDEF009400E1 /* Build configuration list for PBXProject "PassData" */ = {
			isa = XCConfigurationList;
			buildConfigurations = (
				35291D841B8DFDF0009400E1 /* Debug */,
				35291D851B8DFDF0009400E1 /* Release */,
			);
			defaultConfigurationIsVisible = 0;
			defaultConfigurationName = Release;
		};
		35291D861B8DFDF0009400E1 /* Build configuration list for PBXNativeTarget "PassData" */ = {
			isa = XCConfigurationList;
			buildConfigurations = (
				35291D871B8DFDF0009400E1 /* Debug */,
				35291D881B8DFDF0009400E1 /* Release */,
			);
			defaultConfigurationIsVisible = 0;
		};
/* End XCConfigurationList section */
	};
	rootObject = 35291D6C1B8DFDEF009400E1 /* Project object */;
}
