// !$*UTF8*$!
{
	archiveVersion = 1;
	classes = {
	};
	objectVersion = 50;
	objects = {

/* Begin PBXBuildFile section */
		A81E6EB82186FE7D00AB191F /* AppDelegate.swift in Sources */ = {isa = PBXBuildFile; fileRef = A81E6EB72186FE7D00AB191F /* AppDelegate.swift */; };
		A81E6EBD2186FE7D00AB191F /* Main.storyboard in Resources */ = {isa = PBXBuildFile; fileRef = A81E6EBB2186FE7D00AB191F /* Main.storyboard */; };
		A81E6EBF2186FE7D00AB191F /* Assets.xcassets in Resources */ = {isa = PBXBuildFile; fileRef = A81E6EBE2186FE7D00AB191F /* Assets.xcassets */; };
		A81E6EC22186FE7D00AB191F /* LaunchScreen.storyboard in Resources */ = {isa = PBXBuildFile; fileRef = A81E6EC02186FE7D00AB191F /* LaunchScreen.storyboard */; };
		A81E6ECA2186FEB200AB191F /* Section.swift in Sources */ = {isa = PBXBuildFile; fileRef = A81E6EC92186FEB200AB191F /* Section.swift */; };
		A81E6ECC2186FFA500AB191F /* ExpandableHeaderView.swift in Sources */ = {isa = PBXBuildFile; fileRef = A81E6ECB2186FFA500AB191F /* ExpandableHeaderView.swift */; };
		A81E6ECE2187050100AB191F /* TableViewController.swift in Sources */ = {isa = PBXBuildFile; fileRef = A81E6ECD2187050100AB191F /* TableViewController.swift */; };
/* End PBXBuildFile section */

/* Begin PBXFileReference section */
		A81E6EB42186FE7D00AB191F /* CollapsibleSections.app */ = {isa = PBXFileReference; explicitFileType = wrapper.application; includeInIndex = 0; path = CollapsibleSections.app; sourceTree = BUILT_PRODUCTS_DIR; };
		A81E6EB72186FE7D00AB191F /* AppDelegate.swift */ = {isa = PBXFileReference; lastKnownFileType = sourcecode.swift; path = AppDelegate.swift; sourceTree = "<group>"; };
		A81E6EBC2186FE7D00AB191F /* Base */ = {isa = PBXFileReference; lastKnownFileType = file.storyboard; name = Base; path = Base.lproj/Main.storyboard; sourceTree = "<group>"; };
		A81E6EBE2186FE7D00AB191F /* Assets.xcassets */ = {isa = PBXFileReference; lastKnownFileType = folder.assetcatalog; path = Assets.xcassets; sourceTree = "<group>"; };
		A81E6EC12186FE7D00AB191F /* Base */ = {isa = PBXFileReference; lastKnownFileType = file.storyboard; name = Base; path = Base.lproj/LaunchScreen.storyboard; sourceTree = "<group>"; };
		A81E6EC32186FE7D00AB191F /* Info.plist */ = {isa = PBXFileReference; lastKnownFileType = text.plist.xml; path = Info.plist; sourceTree = "<group>"; };
		A81E6EC92186FEB200AB191F /* Section.swift */ = {isa = PBXFileReference; lastKnownFileType = sourcecode.swift; path = Section.swift; sourceTree = "<group>"; };
		A81E6ECB2186FFA500AB191F /* ExpandableHeaderView.swift */ = {isa = PBXFileReference; lastKnownFileType = sourcecode.swift; path = ExpandableHeaderView.swift; sourceTree = "<group>"; };
		A81E6ECD2187050100AB191F /* TableViewController.swift */ = {isa = PBXFileReference; lastKnownFileType = sourcecode.swift; path = TableViewController.swift; sourceTree = "<group>"; };
/* End PBXFileReference section */

/* Begin PBXFrameworksBuildPhase section */
		A81E6EB12186FE7D00AB191F /* Frameworks */ = {
			isa = PBXFrameworksBuildPhase;
			buildActionMask = 2147483647;
			files = (
			);
			runOnlyForDeploymentPostprocessing = 0;
		};
/* End PBXFrameworksBuildPhase section */

/* Begin PBXGroup section */
		A81E6EAB2186FE7D00AB191F = {
			isa = PBXGroup;
			children = (
				A81E6EB62186FE7D00AB191F /* CollapsibleSections */,
				A81E6EB52186FE7D00AB191F /* Products */,
			);
			sourceTree = "<group>";
		};
		A81E6EB52186FE7D00AB191F /* Products */ = {
			isa = PBXGroup;
			children = (
				A81E6EB42186FE7D00AB191F /* CollapsibleSections.app */,
			);
			name = Products;
			sourceTree = "<group>";
		};
		A81E6EB62186FE7D00AB191F /* CollapsibleSections */ = {
			isa = PBXGroup;
			children = (
				A81E6EB72186FE7D00AB191F /* AppDelegate.swift */,
				A81E6ECD2187050100AB191F /* TableViewController.swift */,
				A81E6EC92186FEB200AB191F /* Section.swift */,
				A81E6ECB2186FFA500AB191F /* ExpandableHeaderView.swift */,
				A81E6EBB2186FE7D00AB191F /* Main.storyboard */,
				A81E6EBE2186FE7D00AB191F /* Assets.xcassets */,
				A81E6EC02186FE7D00AB191F /* LaunchScreen.storyboard */,
				A81E6EC32186FE7D00AB191F /* Info.plist */,
			);
			path = CollapsibleSections;
			sourceTree = "<group>";
		};
/* End PBXGroup section */

/* Begin PBXNativeTarget section */
		A81E6EB32186FE7D00AB191F /* CollapsibleSections */ = {
			isa = PBXNativeTarget;
			buildConfigurationList = A81E6EC62186FE7D00AB191F /* Build configuration list for PBXNativeTarget "CollapsibleSections" */;
			buildPhases = (
				A81E6EB02186FE7D00AB191F /* Sources */,
				A81E6EB12186FE7D00AB191F /* Frameworks */,
				A81E6EB22186FE7D00AB191F /* Resources */,
			);
			buildRules = (
			);
			dependencies = (
			);
			name = CollapsibleSections;
			productName = CollapsibleSections;
			productReference = A81E6EB42186FE7D00AB191F /* CollapsibleSections.app */;
			productType = "com.apple.product-type.application";
		};
/* End PBXNativeTarget section */

/* Begin PBXProject section */
		A81E6EAC2186FE7D00AB191F /* Project object */ = {
			isa = PBXProject;
			attributes = {
				LastSwiftUpdateCheck = 1000;
				LastUpgradeCheck = 1000;
				ORGANIZATIONNAME = "Alexey Efimov";
				TargetAttributes = {
					A81E6EB32186FE7D00AB191F = {
						CreatedOnToolsVersion = 10.0;
					};
				};
			};
			buildConfigurationList = A81E6EAF2186FE7D00AB191F /* Build configuration list for PBXProject "CollapsibleSections" */;
			compatibilityVersion = "Xcode 9.3";
			developmentRegion = en;
			hasScannedForEncodings = 0;
			knownRegions = (
				en,
				Base,
			);
			mainGroup = A81E6EAB2186FE7D00AB191F;
			productRefGroup = A81E6EB52186FE7D00AB191F /* Products */;
			projectDirPath = "";
			projectRoot = "";
			targets = (
				A81E6EB32186FE7D00AB191F /* CollapsibleSections */,
			);
		};
/* End PBXProject section */

/* Begin PBXResourcesBuildPhase section */
		A81E6EB22186FE7D00AB191F /* Resources */ = {
			isa = PBXResourcesBuildPhase;
			buildActionMask = 2147483647;
			files = (
				A81E6EC22186FE7D00AB191F /* LaunchScreen.storyboard in Resources */,
				A81E6EBF2186FE7D00AB191F /* Assets.xcassets in Resources */,
				A81E6EBD2186FE7D00AB191F /* Main.storyboard in Resources */,
			);
			runOnlyForDeploymentPostprocessing = 0;
		};
/* End PBXResourcesBuildPhase section */

/* Begin PBXSourcesBuildPhase section */
		A81E6EB02186FE7D00AB191F /* Sources */ = {
			isa = PBXSourcesBuildPhase;
			buildActionMask = 2147483647;
			files = (
				A81E6ECA2186FEB200AB191F /* Section.swift in Sources */,
				A81E6ECC2186FFA500AB191F /* ExpandableHeaderView.swift in Sources */,
				A81E6EB82186FE7D00AB191F /* AppDelegate.swift in Sources */,
				A81E6ECE2187050100AB191F /* TableViewController.swift in Sources */,
			);
			runOnlyForDeploymentPostprocessing = 0;
		};
/* End PBXSourcesBuildPhase section */

/* Begin PBXVariantGroup section */
		A81E6EBB2186FE7D00AB191F /* Main.storyboard */ = {
			isa = PBXVariantGroup;
			children = (
				A81E6EBC2186FE7D00AB191F /* Base */,
			);
			name = Main.storyboard;
			sourceTree = "<group>";
		};
		A81E6EC02186FE7D00AB191F /* LaunchScreen.storyboard */ = {
			isa = PBXVariantGroup;
			children = (
				A81E6EC12186FE7D00AB191F /* Base */,
			);
			name = LaunchScreen.storyboard;
			sourceTree = "<group>";
		};
/* End PBXVariantGroup section */

/* Begin XCBuildConfiguration section */
		A81E6EC42186FE7D00AB191F /* Debug */ = {
			isa = XCBuildConfiguration;
			buildSettings = {
				ALWAYS_SEARCH_USER_PATHS = NO;
				CLANG_ANALYZER_NONNULL = YES;
				CLANG_ANALYZER_NUMBER_OBJECT_CONVERSION = YES_AGGRESSIVE;
				CLANG_CXX_LANGUAGE_STANDARD = "gnu++14";
				CLANG_CXX_LIBRARY = "libc++";
				CLANG_ENABLE_MODULES = YES;
				CLANG_ENABLE_OBJC_ARC = YES;
				CLANG_ENABLE_OBJC_WEAK = YES;
				CLANG_WARN_BLOCK_CAPTURE_AUTORELEASING = YES;
				CLANG_WARN_BOOL_CONVERSION = YES;
				CLANG_WARN_COMMA = YES;
				CLANG_WARN_CONSTANT_CONVERSION = YES;
				CLANG_WARN_DEPRECATED_OBJC_IMPLEMENTATIONS = YES;
				CLANG_WARN_DIRECT_OBJC_ISA_USAGE = YES_ERROR;
				CLANG_WARN_DOCUMENTATION_COMMENTS = YES;
				CLANG_WARN_EMPTY_BODY = YES;
				CLANG_WARN_ENUM_CONVERSION = YES;
				CLANG_WARN_INFINITE_RECURSION = YES;
				CLANG_WARN_INT_CONVERSION = YES;
				CLANG_WARN_NON_LITERAL_NULL_CONVERSION = YES;
				CLANG_WARN_OBJC_IMPLICIT_RETAIN_SELF = YES;
				CLANG_WARN_OBJC_LITERAL_CONVERSION = YES;
				CLANG_WARN_OBJC_ROOT_CLASS = YES_ERROR;
				CLANG_WARN_RANGE_LOOP_ANALYSIS = YES;
				CLANG_WARN_STRICT_PROTOTYPES = YES;
				CLANG_WARN_SUSPICIOUS_MOVE = YES;
				CLANG_WARN_UNGUARDED_AVAILABILITY = YES_AGGRESSIVE;
				CLANG_WARN_UNREACHABLE_CODE = YES;
				CLANG_WARN__DUPLICATE_METHOD_MATCH = YES;
				CODE_SIGN_IDENTITY = "iPhone Developer";
				COPY_PHASE_STRIP = NO;
				DEBUG_INFORMATION_FORMAT = dwarf;
				ENABLE_STRICT_OBJC_MSGSEND = YES;
				ENABLE_TESTABILITY = YES;
				GCC_C_LANGUAGE_STANDARD = gnu11;
				GCC_DYNAMIC_NO_PIC = NO;
				GCC_NO_COMMON_BLOCKS = YES;
				GCC_OPTIMIZATION_LEVEL = 0;
				GCC_PREPROCESSOR_DEFINITIONS = (
					"DEBUG=1",
					"$(inherited)",
				);
				GCC_WARN_64_TO_32_BIT_CONVERSION = YES;
				GCC_WARN_ABOUT_RETURN_TYPE = YES_ERROR;
				GCC_WARN_UNDECLARED_SELECTOR = YES;
				GCC_WARN_UNINITIALIZED_AUTOS = YES_AGGRESSIVE;
				GCC_WARN_UNUSED_FUNCTION = YES;
				GCC_WARN_UNUSED_VARIABLE = YES;
				IPHONEOS_DEPLOYMENT_TARGET = 12.0;
				MTL_ENABLE_DEBUG_INFO = INCLUDE_SOURCE;
				MTL_FAST_MATH = YES;
				ONLY_ACTIVE_ARCH = YES;
				SDKROOT = iphoneos;
				SWIFT_ACTIVE_COMPILATION_CONDITIONS = DEBUG;
				SWIFT_OPTIMIZATION_LEVEL = "-Onone";
			};
			name = Debug;
		};
		A81E6EC52186FE7D00AB191F /* Release */ = {
			isa = XCBuildConfiguration;
			buildSettings = {
				ALWAYS_SEARCH_USER_PATHS = NO;
				CLANG_ANALYZER_NONNULL = YES;
				CLANG_ANALYZER_NUMBER_OBJECT_CONVERSION = YES_AGGRESSIVE;
				CLANG_CXX_LANGUAGE_STANDARD = "gnu++14";
				CLANG_CXX_LIBRARY = "libc++";
				CLANG_ENABLE_MODULES = YES;
				CLANG_ENABLE_OBJC_ARC = YES;
				CLANG_ENABLE_OBJC_WEAK = YES;
				CLANG_WARN_BLOCK_CAPTURE_AUTORELEASING = YES;
				CLANG_WARN_BOOL_CONVERSION = YES;
				CLANG_WARN_COMMA = YES;
				CLANG_WARN_CONSTANT_CONVERSION = YES;
				CLANG_WARN_DEPRECATED_OBJC_IMPLEMENTATIONS = YES;
				CLANG_WARN_DIRECT_OBJC_ISA_USAGE = YES_ERROR;
				CLANG_WARN_DOCUMENTATION_COMMENTS = YES;
				CLANG_WARN_EMPTY_BODY = YES;
				CLANG_WARN_ENUM_CONVERSION = YES;
				CLANG_WARN_INFINITE_RECURSION = YES;
				CLANG_WARN_INT_CONVERSION = YES;
				CLANG_WARN_NON_LITERAL_NULL_CONVERSION = YES;
				CLANG_WARN_OBJC_IMPLICIT_RETAIN_SELF = YES;
				CLANG_WARN_OBJC_LITERAL_CONVERSION = YES;
				CLANG_WARN_OBJC_ROOT_CLASS = YES_ERROR;
				CLANG_WARN_RANGE_LOOP_ANALYSIS = YES;
				CLANG_WARN_STRICT_PROTOTYPES = YES;
				CLANG_WARN_SUSPICIOUS_MOVE = YES;
				CLANG_WARN_UNGUARDED_AVAILABILITY = YES_AGGRESSIVE;
				CLANG_WARN_UNREACHABLE_CODE = YES;
				CLANG_WARN__DUPLICATE_METHOD_MATCH = YES;
				CODE_SIGN_IDENTITY = "iPhone Developer";
				COPY_PHASE_STRIP = NO;
				DEBUG_INFORMATION_FORMAT = "dwarf-with-dsym";
				ENABLE_NS_ASSERTIONS = NO;
				ENABLE_STRICT_OBJC_MSGSEND = YES;
				GCC_C_LANGUAGE_STANDARD = gnu11;
				GCC_NO_COMMON_BLOCKS = YES;
				GCC_WARN_64_TO_32_BIT_CONVERSION = YES;
				GCC_WARN_ABOUT_RETURN_TYPE = YES_ERROR;
				GCC_WARN_UNDECLARED_SELECTOR = YES;
				GCC_WARN_UNINITIALIZED_AUTOS = YES_AGGRESSIVE;
				GCC_WARN_UNUSED_FUNCTION = YES;
				GCC_WARN_UNUSED_VARIABLE = YES;
				IPHONEOS_DEPLOYMENT_TARGET = 12.0;
				MTL_ENABLE_DEBUG_INFO = NO;
				MTL_FAST_MATH = YES;
				SDKROOT = iphoneos;
				SWIFT_COMPILATION_MODE = wholemodule;
				SWIFT_OPTIMIZATION_LEVEL = "-O";
				VALIDATE_PRODUCT = YES;
			};
			name = Release;
		};
		A81E6EC72186FE7D00AB191F /* Debug */ = {
			isa = XCBuildConfiguration;
			buildSettings = {
				ASSETCATALOG_COMPILER_APPICON_NAME = AppIcon;
				CODE_SIGN_STYLE = Automatic;
				INFOPLIST_FILE = CollapsibleSections/Info.plist;
				LD_RUNPATH_SEARCH_PATHS = (
					"$(inherited)",
					"@executable_path/Frameworks",
				);
				PRODUCT_BUNDLE_IDENTIFIER = ru.swiftbook.CollapsibleSections;
				PRODUCT_NAME = "$(TARGET_NAME)";
				SWIFT_VERSION = 4.2;
				TARGETED_DEVICE_FAMILY = "1,2";
			};
			name = Debug;
		};
		A81E6EC82186FE7D00AB191F /* Release */ = {
			isa = XCBuildConfiguration;
			buildSettings = {
				ASSETCATALOG_COMPILER_APPICON_NAME = AppIcon;
				CODE_SIGN_STYLE = Automatic;
				INFOPLIST_FILE = CollapsibleSections/Info.plist;
				LD_RUNPATH_SEARCH_PATHS = (
					"$(inherited)",
					"@executable_path/Frameworks",
				);
				PRODUCT_BUNDLE_IDENTIFIER = ru.swiftbook.CollapsibleSections;
				PRODUCT_NAME = "$(TARGET_NAME)";
				SWIFT_VERSION = 4.2;
				TARGETED_DEVICE_FAMILY = "1,2";
			};
			name = Release;
		};
/* End XCBuildConfiguration section */

/* Begin XCConfigurationList section */
		A81E6EAF2186FE7D00AB191F /* Build configuration list for PBXProject "CollapsibleSections" */ = {
			isa = XCConfigurationList;
			buildConfigurations = (
				A81E6EC42186FE7D00AB191F /* Debug */,
				A81E6EC52186FE7D00AB191F /* Release */,
			);
			defaultConfigurationIsVisible = 0;
			defaultConfigurationName = Release;
		};
		A81E6EC62186FE7D00AB191F /* Build configuration list for PBXNativeTarget "CollapsibleSections" */ = {
			isa = XCConfigurationList;
			buildConfigurations = (
				A81E6EC72186FE7D00AB191F /* Debug */,
				A81E6EC82186FE7D00AB191F /* Release */,
			);
			defaultConfigurationIsVisible = 0;
			defaultConfigurationName = Release;
		};
/* End XCConfigurationList section */
	};
	rootObject = A81E6EAC2186FE7D00AB191F /* Project object */;
}
