// !$*UTF8*$!
{
	archiveVersion = 1;
	classes = {
	};
	objectVersion = 46;
	objects = {

/* Begin PBXBuildFile section */
		354B13DA1D2667AD004538D1 /* AppDelegate.swift in Sources */ = {isa = PBXBuildFile; fileRef = 354B13D91D2667AD004538D1 /* AppDelegate.swift */; };
		354B13DC1D2667AD004538D1 /* ViewController.swift in Sources */ = {isa = PBXBuildFile; fileRef = 354B13DB1D2667AD004538D1 /* ViewController.swift */; };
		354B13DF1D2667AD004538D1 /* Main.storyboard in Resources */ = {isa = PBXBuildFile; fileRef = 354B13DD1D2667AD004538D1 /* Main.storyboard */; };
		354B13E11D2667AD004538D1 /* Assets.xcassets in Resources */ = {isa = PBXBuildFile; fileRef = 354B13E01D2667AD004538D1 /* Assets.xcassets */; };
		354B13E41D2667AD004538D1 /* LaunchScreen.storyboard in Resources */ = {isa = PBXBuildFile; fileRef = 354B13E21D2667AD004538D1 /* LaunchScreen.storyboard */; };
/* End PBXBuildFile section */

/* Begin PBXFileReference section */
		354B13D61D2667AD004538D1 /* ScrollViewTut.app */ = {isa = PBXFileReference; explicitFileType = wrapper.application; includeInIndex = 0; path = ScrollViewTut.app; sourceTree = BUILT_PRODUCTS_DIR; };
		354B13D91D2667AD004538D1 /* AppDelegate.swift */ = {isa = PBXFileReference; lastKnownFileType = sourcecode.swift; path = AppDelegate.swift; sourceTree = "<group>"; };
		354B13DB1D2667AD004538D1 /* ViewController.swift */ = {isa = PBXFileReference; lastKnownFileType = sourcecode.swift; path = ViewController.swift; sourceTree = "<group>"; };
		354B13DE1D2667AD004538D1 /* Base */ = {isa = PBXFileReference; lastKnownFileType = file.storyboard; name = Base; path = Base.lproj/Main.storyboard; sourceTree = "<group>"; };
		354B13E01D2667AD004538D1 /* Assets.xcassets */ = {isa = PBXFileReference; lastKnownFileType = folder.assetcatalog; path = Assets.xcassets; sourceTree = "<group>"; };
		354B13E31D2667AD004538D1 /* Base */ = {isa = PBXFileReference; lastKnownFileType = file.storyboard; name = Base; path = Base.lproj/LaunchScreen.storyboard; sourceTree = "<group>"; };
		354B13E51D2667AD004538D1 /* Info.plist */ = {isa = PBXFileReference; lastKnownFileType = text.plist.xml; path = Info.plist; sourceTree = "<group>"; };
/* End PBXFileReference section */

/* Begin PBXFrameworksBuildPhase section */
		354B13D31D2667AD004538D1 /* Frameworks */ = {
			isa = PBXFrameworksBuildPhase;
			buildActionMask = 2147483647;
			files = (
			);
			runOnlyForDeploymentPostprocessing = 0;
		};
/* End PBXFrameworksBuildPhase section */

/* Begin PBXGroup section */
		354B13CD1D2667AD004538D1 = {
			isa = PBXGroup;
			children = (
				354B13D81D2667AD004538D1 /* ScrollViewTut */,
				354B13D71D2667AD004538D1 /* Products */,
			);
			sourceTree = "<group>";
		};
		354B13D71D2667AD004538D1 /* Products */ = {
			isa = PBXGroup;
			children = (
				354B13D61D2667AD004538D1 /* ScrollViewTut.app */,
			);
			name = Products;
			sourceTree = "<group>";
		};
		354B13D81D2667AD004538D1 /* ScrollViewTut */ = {
			isa = PBXGroup;
			children = (
				354B13D91D2667AD004538D1 /* AppDelegate.swift */,
				354B13DB1D2667AD004538D1 /* ViewController.swift */,
				354B13DD1D2667AD004538D1 /* Main.storyboard */,
				354B13E01D2667AD004538D1 /* Assets.xcassets */,
				354B13E21D2667AD004538D1 /* LaunchScreen.storyboard */,
				354B13E51D2667AD004538D1 /* Info.plist */,
			);
			path = ScrollViewTut;
			sourceTree = "<group>";
		};
/* End PBXGroup section */

/* Begin PBXNativeTarget section */
		354B13D51D2667AD004538D1 /* ScrollViewTut */ = {
			isa = PBXNativeTarget;
			buildConfigurationList = 354B13E81D2667AD004538D1 /* Build configuration list for PBXNativeTarget "ScrollViewTut" */;
			buildPhases = (
				354B13D21D2667AD004538D1 /* Sources */,
				354B13D31D2667AD004538D1 /* Frameworks */,
				354B13D41D2667AD004538D1 /* Resources */,
			);
			buildRules = (
			);
			dependencies = (
			);
			name = ScrollViewTut;
			productName = ScrollViewTut;
			productReference = 354B13D61D2667AD004538D1 /* ScrollViewTut.app */;
			productType = "com.apple.product-type.application";
		};
/* End PBXNativeTarget section */

/* Begin PBXProject section */
		354B13CE1D2667AD004538D1 /* Project object */ = {
			isa = PBXProject;
			attributes = {
				LastSwiftUpdateCheck = 0730;
				LastUpgradeCheck = 0730;
				ORGANIZATIONNAME = "Ivan Akulov";
				TargetAttributes = {
					354B13D51D2667AD004538D1 = {
						CreatedOnToolsVersion = 7.3.1;
					};
				};
			};
			buildConfigurationList = 354B13D11D2667AD004538D1 /* Build configuration list for PBXProject "ScrollViewTut" */;
			compatibilityVersion = "Xcode 3.2";
			developmentRegion = English;
			hasScannedForEncodings = 0;
			knownRegions = (
				en,
				Base,
			);
			mainGroup = 354B13CD1D2667AD004538D1;
			productRefGroup = 354B13D71D2667AD004538D1 /* Products */;
			projectDirPath = "";
			projectRoot = "";
			targets = (
				354B13D51D2667AD004538D1 /* ScrollViewTut */,
			);
		};
/* End PBXProject section */

/* Begin PBXResourcesBuildPhase section */
		354B13D41D2667AD004538D1 /* Resources */ = {
			isa = PBXResourcesBuildPhase;
			buildActionMask = 2147483647;
			files = (
				354B13E41D2667AD004538D1 /* LaunchScreen.storyboard in Resources */,
				354B13E11D2667AD004538D1 /* Assets.xcassets in Resources */,
				354B13DF1D2667AD004538D1 /* Main.storyboard in Resources */,
			);
			runOnlyForDeploymentPostprocessing = 0;
		};
/* End PBXResourcesBuildPhase section */

/* Begin PBXSourcesBuildPhase section */
		354B13D21D2667AD004538D1 /* Sources */ = {
			isa = PBXSourcesBuildPhase;
			buildActionMask = 2147483647;
			files = (
				354B13DC1D2667AD004538D1 /* ViewController.swift in Sources */,
				354B13DA1D2667AD004538D1 /* AppDelegate.swift in Sources */,
			);
			runOnlyForDeploymentPostprocessing = 0;
		};
/* End PBXSourcesBuildPhase section */

/* Begin PBXVariantGroup section */
		354B13DD1D2667AD004538D1 /* Main.storyboard */ = {
			isa = PBXVariantGroup;
			children = (
				354B13DE1D2667AD004538D1 /* Base */,
			);
			name = Main.storyboard;
			sourceTree = "<group>";
		};
		354B13E21D2667AD004538D1 /* LaunchScreen.storyboard */ = {
			isa = PBXVariantGroup;
			children = (
				354B13E31D2667AD004538D1 /* Base */,
			);
			name = LaunchScreen.storyboard;
			sourceTree = "<group>";
		};
/* End PBXVariantGroup section */

/* Begin XCBuildConfiguration section */
		354B13E61D2667AD004538D1 /* Debug */ = {
			isa = XCBuildConfiguration;
			buildSettings = {
				ALWAYS_SEARCH_USER_PATHS = NO;
				CLANG_ANALYZER_NONNULL = YES;
				CLANG_CXX_LANGUAGE_STANDARD = "gnu++0x";
				CLANG_CXX_LIBRARY = "libc++";
				CLANG_ENABLE_MODULES = YES;
				CLANG_ENABLE_OBJC_ARC = YES;
				CLANG_WARN_BOOL_CONVERSION = YES;
				CLANG_WARN_CONSTANT_CONVERSION = YES;
				CLANG_WARN_DIRECT_OBJC_ISA_USAGE = YES_ERROR;
				CLANG_WARN_EMPTY_BODY = YES;
				CLANG_WARN_ENUM_CONVERSION = YES;
				CLANG_WARN_INT_CONVERSION = YES;
				CLANG_WARN_OBJC_ROOT_CLASS = YES_ERROR;
				CLANG_WARN_UNREACHABLE_CODE = YES;
				CLANG_WARN__DUPLICATE_METHOD_MATCH = YES;
				"CODE_SIGN_IDENTITY[sdk=iphoneos*]" = "iPhone Developer";
				COPY_PHASE_STRIP = NO;
				DEBUG_INFORMATION_FORMAT = dwarf;
				ENABLE_STRICT_OBJC_MSGSEND = YES;
				ENABLE_TESTABILITY = YES;
				GCC_C_LANGUAGE_STANDARD = gnu99;
				GCC_DYNAMIC_NO_PIC = NO;
				GCC_NO_COMMON_BLOCKS = YES;
				GCC_OPTIMIZATION_LEVEL = 0;
				GCC_PREPROCESSOR_DEFINITIONS = (
					"DEBUG=1",
					"$(inherited)",
				);
				GCC_WARN_64_TO_32_BIT_CONVERSION = YES;
				GCC_WARN_ABOUT_RETURN_TYPE = YES_ERROR;
				GCC_WARN_UNDECLARED_SELECTOR = YES;
				GCC_WARN_UNINITIALIZED_AUTOS = YES_AGGRESSIVE;
				GCC_WARN_UNUSED_FUNCTION = YES;
				GCC_WARN_UNUSED_VARIABLE = YES;
				IPHONEOS_DEPLOYMENT_TARGET = 9.3;
				MTL_ENABLE_DEBUG_INFO = YES;
				ONLY_ACTIVE_ARCH = YES;
				SDKROOT = iphoneos;
				SWIFT_OPTIMIZATION_LEVEL = "-Onone";
				TARGETED_DEVICE_FAMILY = "1,2";
			};
			name = Debug;
		};
		354B13E71D2667AD004538D1 /* Release */ = {
			isa = XCBuildConfiguration;
			buildSettings = {
				ALWAYS_SEARCH_USER_PATHS = NO;
				CLANG_ANALYZER_NONNULL = YES;
				CLANG_CXX_LANGUAGE_STANDARD = "gnu++0x";
				CLANG_CXX_LIBRARY = "libc++";
				CLANG_ENABLE_MODULES = YES;
				CLANG_ENABLE_OBJC_ARC = YES;
				CLANG_WARN_BOOL_CONVERSION = YES;
				CLANG_WARN_CONSTANT_CONVERSION = YES;
				CLANG_WARN_DIRECT_OBJC_ISA_USAGE = YES_ERROR;
				CLANG_WARN_EMPTY_BODY = YES;
				CLANG_WARN_ENUM_CONVERSION = YES;
				CLANG_WARN_INT_CONVERSION = YES;
				CLANG_WARN_OBJC_ROOT_CLASS = YES_ERROR;
				CLANG_WARN_UNREACHABLE_CODE = YES;
				CLANG_WARN__DUPLICATE_METHOD_MATCH = YES;
				"CODE_SIGN_IDENTITY[sdk=iphoneos*]" = "iPhone Developer";
				COPY_PHASE_STRIP = NO;
				DEBUG_INFORMATION_FORMAT = "dwarf-with-dsym";
				ENABLE_NS_ASSERTIONS = NO;
				ENABLE_STRICT_OBJC_MSGSEND = YES;
				GCC_C_LANGUAGE_STANDARD = gnu99;
				GCC_NO_COMMON_BLOCKS = YES;
				GCC_WARN_64_TO_32_BIT_CONVERSION = YES;
				GCC_WARN_ABOUT_RETURN_TYPE = YES_ERROR;
				GCC_WARN_UNDECLARED_SELECTOR = YES;
				GCC_WARN_UNINITIALIZED_AUTOS = YES_AGGRESSIVE;
				GCC_WARN_UNUSED_FUNCTION = YES;
				GCC_WARN_UNUSED_VARIABLE = YES;
				IPHONEOS_DEPLOYMENT_TARGET = 9.3;
				MTL_ENABLE_DEBUG_INFO = NO;
				SDKROOT = iphoneos;
				TARGETED_DEVICE_FAMILY = "1,2";
				VALIDATE_PRODUCT = YES;
			};
			name = Release;
		};
		354B13E91D2667AD004538D1 /* Debug */ = {
			isa = XCBuildConfiguration;
			buildSettings = {
				ASSETCATALOG_COMPILER_APPICON_NAME = AppIcon;
				INFOPLIST_FILE = ScrollViewTut/Info.plist;
				LD_RUNPATH_SEARCH_PATHS = "$(inherited) @executable_path/Frameworks";
				PRODUCT_BUNDLE_IDENTIFIER = ru.swiftbook.ScrollViewTut;
				PRODUCT_NAME = "$(TARGET_NAME)";
			};
			name = Debug;
		};
		354B13EA1D2667AD004538D1 /* Release */ = {
			isa = XCBuildConfiguration;
			buildSettings = {
				ASSETCATALOG_COMPILER_APPICON_NAME = AppIcon;
				INFOPLIST_FILE = ScrollViewTut/Info.plist;
				LD_RUNPATH_SEARCH_PATHS = "$(inherited) @executable_path/Frameworks";
				PRODUCT_BUNDLE_IDENTIFIER = ru.swiftbook.ScrollViewTut;
				PRODUCT_NAME = "$(TARGET_NAME)";
			};
			name = Release;
		};
/* End XCBuildConfiguration section */

/* Begin XCConfigurationList section */
		354B13D11D2667AD004538D1 /* Build configuration list for PBXProject "ScrollViewTut" */ = {
			isa = XCConfigurationList;
			buildConfigurations = (
				354B13E61D2667AD004538D1 /* Debug */,
				354B13E71D2667AD004538D1 /* Release */,
			);
			defaultConfigurationIsVisible = 0;
			defaultConfigurationName = Release;
		};
		354B13E81D2667AD004538D1 /* Build configuration list for PBXNativeTarget "ScrollViewTut" */ = {
			isa = XCConfigurationList;
			buildConfigurations = (
				354B13E91D2667AD004538D1 /* Debug */,
				354B13EA1D2667AD004538D1 /* Release */,
			);
			defaultConfigurationIsVisible = 0;
		};
/* End XCConfigurationList section */
	};
	rootObject = 354B13CE1D2667AD004538D1 /* Project object */;
}
