// !$*UTF8*$!
{
	archiveVersion = 1;
	classes = {
	};
	objectVersion = 48;
	objects = {

/* Begin PBXBuildFile section */
		0A1B51931FC0752600DCD622 /* chemistry.mp3 in Resources */ = {isa = PBXBuildFile; fileRef = 0A1B518F1FC0752600DCD622 /* chemistry.mp3 */; };
		0A1B51941FC0752600DCD622 /* whole.mp3 in Resources */ = {isa = PBXBuildFile; fileRef = 0A1B51901FC0752600DCD622 /* whole.mp3 */; };
		0A1B51951FC0752600DCD622 /* think.mp3 in Resources */ = {isa = PBXBuildFile; fileRef = 0A1B51911FC0752600DCD622 /* think.mp3 */; };
		0A1B51961FC0752600DCD622 /* hello.mp3 in Resources */ = {isa = PBXBuildFile; fileRef = 0A1B51921FC0752600DCD622 /* hello.mp3 */; };
		0A1B51991FC075A500DCD622 /* WordsViewController.swift in Sources */ = {isa = PBXBuildFile; fileRef = 0A1B51981FC075A500DCD622 /* WordsViewController.swift */; };
		0A1B519B1FC0764200DCD622 /* WordViewController.swift in Sources */ = {isa = PBXBuildFile; fileRef = 0A1B519A1FC0764200DCD622 /* WordViewController.swift */; };
		0A2E7D901FBF6515007FD097 /* AppDelegate.swift in Sources */ = {isa = PBXBuildFile; fileRef = 0A2E7D8F1FBF6515007FD097 /* AppDelegate.swift */; };
		0A2E7D951FBF6515007FD097 /* Main.storyboard in Resources */ = {isa = PBXBuildFile; fileRef = 0A2E7D931FBF6515007FD097 /* Main.storyboard */; };
		0A2E7D971FBF6515007FD097 /* Assets.xcassets in Resources */ = {isa = PBXBuildFile; fileRef = 0A2E7D961FBF6515007FD097 /* Assets.xcassets */; };
		0A2E7D9A1FBF6515007FD097 /* LaunchScreen.storyboard in Resources */ = {isa = PBXBuildFile; fileRef = 0A2E7D981FBF6515007FD097 /* LaunchScreen.storyboard */; };
/* End PBXBuildFile section */

/* Begin PBXFileReference section */
		0A1B518F1FC0752600DCD622 /* chemistry.mp3 */ = {isa = PBXFileReference; lastKnownFileType = audio.mp3; path = chemistry.mp3; sourceTree = "<group>"; };
		0A1B51901FC0752600DCD622 /* whole.mp3 */ = {isa = PBXFileReference; lastKnownFileType = audio.mp3; path = whole.mp3; sourceTree = "<group>"; };
		0A1B51911FC0752600DCD622 /* think.mp3 */ = {isa = PBXFileReference; lastKnownFileType = audio.mp3; path = think.mp3; sourceTree = "<group>"; };
		0A1B51921FC0752600DCD622 /* hello.mp3 */ = {isa = PBXFileReference; lastKnownFileType = audio.mp3; path = hello.mp3; sourceTree = "<group>"; };
		0A1B51981FC075A500DCD622 /* WordsViewController.swift */ = {isa = PBXFileReference; lastKnownFileType = sourcecode.swift; path = WordsViewController.swift; sourceTree = "<group>"; };
		0A1B519A1FC0764200DCD622 /* WordViewController.swift */ = {isa = PBXFileReference; lastKnownFileType = sourcecode.swift; path = WordViewController.swift; sourceTree = "<group>"; };
		0A2E7D8C1FBF6515007FD097 /* SpeechrecognitionExample.app */ = {isa = PBXFileReference; explicitFileType = wrapper.application; includeInIndex = 0; path = SpeechrecognitionExample.app; sourceTree = BUILT_PRODUCTS_DIR; };
		0A2E7D8F1FBF6515007FD097 /* AppDelegate.swift */ = {isa = PBXFileReference; lastKnownFileType = sourcecode.swift; path = AppDelegate.swift; sourceTree = "<group>"; };
		0A2E7D941FBF6515007FD097 /* Base */ = {isa = PBXFileReference; lastKnownFileType = file.storyboard; name = Base; path = Base.lproj/Main.storyboard; sourceTree = "<group>"; };
		0A2E7D961FBF6515007FD097 /* Assets.xcassets */ = {isa = PBXFileReference; lastKnownFileType = folder.assetcatalog; path = Assets.xcassets; sourceTree = "<group>"; };
		0A2E7D991FBF6515007FD097 /* Base */ = {isa = PBXFileReference; lastKnownFileType = file.storyboard; name = Base; path = Base.lproj/LaunchScreen.storyboard; sourceTree = "<group>"; };
		0A2E7D9B1FBF6515007FD097 /* Info.plist */ = {isa = PBXFileReference; lastKnownFileType = text.plist.xml; path = Info.plist; sourceTree = "<group>"; };
/* End PBXFileReference section */

/* Begin PBXFrameworksBuildPhase section */
		0A2E7D891FBF6515007FD097 /* Frameworks */ = {
			isa = PBXFrameworksBuildPhase;
			buildActionMask = 2147483647;
			files = (
			);
			runOnlyForDeploymentPostprocessing = 0;
		};
/* End PBXFrameworksBuildPhase section */

/* Begin PBXGroup section */
		0A1B518E1FC0750C00DCD622 /* Sounds */ = {
			isa = PBXGroup;
			children = (
				0A1B518F1FC0752600DCD622 /* chemistry.mp3 */,
				0A1B51921FC0752600DCD622 /* hello.mp3 */,
				0A1B51911FC0752600DCD622 /* think.mp3 */,
				0A1B51901FC0752600DCD622 /* whole.mp3 */,
			);
			path = Sounds;
			sourceTree = "<group>";
		};
		0A1B51971FC0757400DCD622 /* Controllers */ = {
			isa = PBXGroup;
			children = (
				0A1B51981FC075A500DCD622 /* WordsViewController.swift */,
				0A1B519A1FC0764200DCD622 /* WordViewController.swift */,
			);
			path = Controllers;
			sourceTree = "<group>";
		};
		0A2E7D831FBF6515007FD097 = {
			isa = PBXGroup;
			children = (
				0A2E7D8E1FBF6515007FD097 /* SpeechrecognitionExample */,
				0A2E7D8D1FBF6515007FD097 /* Products */,
			);
			sourceTree = "<group>";
		};
		0A2E7D8D1FBF6515007FD097 /* Products */ = {
			isa = PBXGroup;
			children = (
				0A2E7D8C1FBF6515007FD097 /* SpeechrecognitionExample.app */,
			);
			name = Products;
			sourceTree = "<group>";
		};
		0A2E7D8E1FBF6515007FD097 /* SpeechrecognitionExample */ = {
			isa = PBXGroup;
			children = (
				0A1B51971FC0757400DCD622 /* Controllers */,
				0A1B518E1FC0750C00DCD622 /* Sounds */,
				0A2E7D8F1FBF6515007FD097 /* AppDelegate.swift */,
				0A2E7D931FBF6515007FD097 /* Main.storyboard */,
				0A2E7D961FBF6515007FD097 /* Assets.xcassets */,
				0A2E7D981FBF6515007FD097 /* LaunchScreen.storyboard */,
				0A2E7D9B1FBF6515007FD097 /* Info.plist */,
			);
			path = SpeechrecognitionExample;
			sourceTree = "<group>";
		};
/* End PBXGroup section */

/* Begin PBXNativeTarget section */
		0A2E7D8B1FBF6515007FD097 /* SpeechrecognitionExample */ = {
			isa = PBXNativeTarget;
			buildConfigurationList = 0A2E7D9E1FBF6515007FD097 /* Build configuration list for PBXNativeTarget "SpeechrecognitionExample" */;
			buildPhases = (
				0A2E7D881FBF6515007FD097 /* Sources */,
				0A2E7D891FBF6515007FD097 /* Frameworks */,
				0A2E7D8A1FBF6515007FD097 /* Resources */,
			);
			buildRules = (
			);
			dependencies = (
			);
			name = SpeechrecognitionExample;
			productName = SpeechrecognitionExample;
			productReference = 0A2E7D8C1FBF6515007FD097 /* SpeechrecognitionExample.app */;
			productType = "com.apple.product-type.application";
		};
/* End PBXNativeTarget section */

/* Begin PBXProject section */
		0A2E7D841FBF6515007FD097 /* Project object */ = {
			isa = PBXProject;
			attributes = {
				LastSwiftUpdateCheck = 0910;
				LastUpgradeCheck = 0910;
				ORGANIZATIONNAME = "Kostya Golenkov";
				TargetAttributes = {
					0A2E7D8B1FBF6515007FD097 = {
						CreatedOnToolsVersion = 9.1;
						ProvisioningStyle = Automatic;
					};
				};
			};
			buildConfigurationList = 0A2E7D871FBF6515007FD097 /* Build configuration list for PBXProject "SpeechrecognitionExample" */;
			compatibilityVersion = "Xcode 8.0";
			developmentRegion = en;
			hasScannedForEncodings = 0;
			knownRegions = (
				en,
				Base,
			);
			mainGroup = 0A2E7D831FBF6515007FD097;
			productRefGroup = 0A2E7D8D1FBF6515007FD097 /* Products */;
			projectDirPath = "";
			projectRoot = "";
			targets = (
				0A2E7D8B1FBF6515007FD097 /* SpeechrecognitionExample */,
			);
		};
/* End PBXProject section */

/* Begin PBXResourcesBuildPhase section */
		0A2E7D8A1FBF6515007FD097 /* Resources */ = {
			isa = PBXResourcesBuildPhase;
			buildActionMask = 2147483647;
			files = (
				0A1B51941FC0752600DCD622 /* whole.mp3 in Resources */,
				0A2E7D9A1FBF6515007FD097 /* LaunchScreen.storyboard in Resources */,
				0A1B51961FC0752600DCD622 /* hello.mp3 in Resources */,
				0A2E7D971FBF6515007FD097 /* Assets.xcassets in Resources */,
				0A2E7D951FBF6515007FD097 /* Main.storyboard in Resources */,
				0A1B51931FC0752600DCD622 /* chemistry.mp3 in Resources */,
				0A1B51951FC0752600DCD622 /* think.mp3 in Resources */,
			);
			runOnlyForDeploymentPostprocessing = 0;
		};
/* End PBXResourcesBuildPhase section */

/* Begin PBXSourcesBuildPhase section */
		0A2E7D881FBF6515007FD097 /* Sources */ = {
			isa = PBXSourcesBuildPhase;
			buildActionMask = 2147483647;
			files = (
				0A1B519B1FC0764200DCD622 /* WordViewController.swift in Sources */,
				0A1B51991FC075A500DCD622 /* WordsViewController.swift in Sources */,
				0A2E7D901FBF6515007FD097 /* AppDelegate.swift in Sources */,
			);
			runOnlyForDeploymentPostprocessing = 0;
		};
/* End PBXSourcesBuildPhase section */

/* Begin PBXVariantGroup section */
		0A2E7D931FBF6515007FD097 /* Main.storyboard */ = {
			isa = PBXVariantGroup;
			children = (
				0A2E7D941FBF6515007FD097 /* Base */,
			);
			name = Main.storyboard;
			sourceTree = "<group>";
		};
		0A2E7D981FBF6515007FD097 /* LaunchScreen.storyboard */ = {
			isa = PBXVariantGroup;
			children = (
				0A2E7D991FBF6515007FD097 /* Base */,
			);
			name = LaunchScreen.storyboard;
			sourceTree = "<group>";
		};
/* End PBXVariantGroup section */

/* Begin XCBuildConfiguration section */
		0A2E7D9C1FBF6515007FD097 /* Debug */ = {
			isa = XCBuildConfiguration;
			buildSettings = {
				ALWAYS_SEARCH_USER_PATHS = NO;
				CLANG_ANALYZER_NONNULL = YES;
				CLANG_ANALYZER_NUMBER_OBJECT_CONVERSION = YES_AGGRESSIVE;
				CLANG_CXX_LANGUAGE_STANDARD = "gnu++14";
				CLANG_CXX_LIBRARY = "libc++";
				CLANG_ENABLE_MODULES = YES;
				CLANG_ENABLE_OBJC_ARC = YES;
				CLANG_WARN_BLOCK_CAPTURE_AUTORELEASING = YES;
				CLANG_WARN_BOOL_CONVERSION = YES;
				CLANG_WARN_COMMA = YES;
				CLANG_WARN_CONSTANT_CONVERSION = YES;
				CLANG_WARN_DIRECT_OBJC_ISA_USAGE = YES_ERROR;
				CLANG_WARN_DOCUMENTATION_COMMENTS = YES;
				CLANG_WARN_EMPTY_BODY = YES;
				CLANG_WARN_ENUM_CONVERSION = YES;
				CLANG_WARN_INFINITE_RECURSION = YES;
				CLANG_WARN_INT_CONVERSION = YES;
				CLANG_WARN_NON_LITERAL_NULL_CONVERSION = YES;
				CLANG_WARN_OBJC_LITERAL_CONVERSION = YES;
				CLANG_WARN_OBJC_ROOT_CLASS = YES_ERROR;
				CLANG_WARN_RANGE_LOOP_ANALYSIS = YES;
				CLANG_WARN_STRICT_PROTOTYPES = YES;
				CLANG_WARN_SUSPICIOUS_MOVE = YES;
				CLANG_WARN_UNGUARDED_AVAILABILITY = YES_AGGRESSIVE;
				CLANG_WARN_UNREACHABLE_CODE = YES;
				CLANG_WARN__DUPLICATE_METHOD_MATCH = YES;
				CODE_SIGN_IDENTITY = "iPhone Developer";
				COPY_PHASE_STRIP = NO;
				DEBUG_INFORMATION_FORMAT = dwarf;
				ENABLE_STRICT_OBJC_MSGSEND = YES;
				ENABLE_TESTABILITY = YES;
				GCC_C_LANGUAGE_STANDARD = gnu11;
				GCC_DYNAMIC_NO_PIC = NO;
				GCC_NO_COMMON_BLOCKS = YES;
				GCC_OPTIMIZATION_LEVEL = 0;
				GCC_PREPROCESSOR_DEFINITIONS = (
					"DEBUG=1",
					"$(inherited)",
				);
				GCC_WARN_64_TO_32_BIT_CONVERSION = YES;
				GCC_WARN_ABOUT_RETURN_TYPE = YES_ERROR;
				GCC_WARN_UNDECLARED_SELECTOR = YES;
				GCC_WARN_UNINITIALIZED_AUTOS = YES_AGGRESSIVE;
				GCC_WARN_UNUSED_FUNCTION = YES;
				GCC_WARN_UNUSED_VARIABLE = YES;
				IPHONEOS_DEPLOYMENT_TARGET = 11.1;
				MTL_ENABLE_DEBUG_INFO = YES;
				ONLY_ACTIVE_ARCH = YES;
				SDKROOT = iphoneos;
				SWIFT_ACTIVE_COMPILATION_CONDITIONS = DEBUG;
				SWIFT_OPTIMIZATION_LEVEL = "-Onone";
			};
			name = Debug;
		};
		0A2E7D9D1FBF6515007FD097 /* Release */ = {
			isa = XCBuildConfiguration;
			buildSettings = {
				ALWAYS_SEARCH_USER_PATHS = NO;
				CLANG_ANALYZER_NONNULL = YES;
				CLANG_ANALYZER_NUMBER_OBJECT_CONVERSION = YES_AGGRESSIVE;
				CLANG_CXX_LANGUAGE_STANDARD = "gnu++14";
				CLANG_CXX_LIBRARY = "libc++";
				CLANG_ENABLE_MODULES = YES;
				CLANG_ENABLE_OBJC_ARC = YES;
				CLANG_WARN_BLOCK_CAPTURE_AUTORELEASING = YES;
				CLANG_WARN_BOOL_CONVERSION = YES;
				CLANG_WARN_COMMA = YES;
				CLANG_WARN_CONSTANT_CONVERSION = YES;
				CLANG_WARN_DIRECT_OBJC_ISA_USAGE = YES_ERROR;
				CLANG_WARN_DOCUMENTATION_COMMENTS = YES;
				CLANG_WARN_EMPTY_BODY = YES;
				CLANG_WARN_ENUM_CONVERSION = YES;
				CLANG_WARN_INFINITE_RECURSION = YES;
				CLANG_WARN_INT_CONVERSION = YES;
				CLANG_WARN_NON_LITERAL_NULL_CONVERSION = YES;
				CLANG_WARN_OBJC_LITERAL_CONVERSION = YES;
				CLANG_WARN_OBJC_ROOT_CLASS = YES_ERROR;
				CLANG_WARN_RANGE_LOOP_ANALYSIS = YES;
				CLANG_WARN_STRICT_PROTOTYPES = YES;
				CLANG_WARN_SUSPICIOUS_MOVE = YES;
				CLANG_WARN_UNGUARDED_AVAILABILITY = YES_AGGRESSIVE;
				CLANG_WARN_UNREACHABLE_CODE = YES;
				CLANG_WARN__DUPLICATE_METHOD_MATCH = YES;
				CODE_SIGN_IDENTITY = "iPhone Developer";
				COPY_PHASE_STRIP = NO;
				DEBUG_INFORMATION_FORMAT = "dwarf-with-dsym";
				ENABLE_NS_ASSERTIONS = NO;
				ENABLE_STRICT_OBJC_MSGSEND = YES;
				GCC_C_LANGUAGE_STANDARD = gnu11;
				GCC_NO_COMMON_BLOCKS = YES;
				GCC_WARN_64_TO_32_BIT_CONVERSION = YES;
				GCC_WARN_ABOUT_RETURN_TYPE = YES_ERROR;
				GCC_WARN_UNDECLARED_SELECTOR = YES;
				GCC_WARN_UNINITIALIZED_AUTOS = YES_AGGRESSIVE;
				GCC_WARN_UNUSED_FUNCTION = YES;
				GCC_WARN_UNUSED_VARIABLE = YES;
				IPHONEOS_DEPLOYMENT_TARGET = 11.1;
				MTL_ENABLE_DEBUG_INFO = NO;
				SDKROOT = iphoneos;
				SWIFT_OPTIMIZATION_LEVEL = "-Owholemodule";
				VALIDATE_PRODUCT = YES;
			};
			name = Release;
		};
		0A2E7D9F1FBF6515007FD097 /* Debug */ = {
			isa = XCBuildConfiguration;
			buildSettings = {
				ASSETCATALOG_COMPILER_APPICON_NAME = AppIcon;
				CODE_SIGN_STYLE = Automatic;
				DEVELOPMENT_TEAM = U9T47G75JD;
				INFOPLIST_FILE = SpeechrecognitionExample/Info.plist;
				LD_RUNPATH_SEARCH_PATHS = "$(inherited) @executable_path/Frameworks";
				PRODUCT_BUNDLE_IDENTIFIER = "Kostya-Golenkov.SpeechrecognitionExample";
				PRODUCT_NAME = "$(TARGET_NAME)";
				SWIFT_VERSION = 4.0;
				TARGETED_DEVICE_FAMILY = "1,2";
			};
			name = Debug;
		};
		0A2E7DA01FBF6515007FD097 /* Release */ = {
			isa = XCBuildConfiguration;
			buildSettings = {
				ASSETCATALOG_COMPILER_APPICON_NAME = AppIcon;
				CODE_SIGN_STYLE = Automatic;
				DEVELOPMENT_TEAM = U9T47G75JD;
				INFOPLIST_FILE = SpeechrecognitionExample/Info.plist;
				LD_RUNPATH_SEARCH_PATHS = "$(inherited) @executable_path/Frameworks";
				PRODUCT_BUNDLE_IDENTIFIER = "Kostya-Golenkov.SpeechrecognitionExample";
				PRODUCT_NAME = "$(TARGET_NAME)";
				SWIFT_VERSION = 4.0;
				TARGETED_DEVICE_FAMILY = "1,2";
			};
			name = Release;
		};
/* End XCBuildConfiguration section */

/* Begin XCConfigurationList section */
		0A2E7D871FBF6515007FD097 /* Build configuration list for PBXProject "SpeechrecognitionExample" */ = {
			isa = XCConfigurationList;
			buildConfigurations = (
				0A2E7D9C1FBF6515007FD097 /* Debug */,
				0A2E7D9D1FBF6515007FD097 /* Release */,
			);
			defaultConfigurationIsVisible = 0;
			defaultConfigurationName = Release;
		};
		0A2E7D9E1FBF6515007FD097 /* Build configuration list for PBXNativeTarget "SpeechrecognitionExample" */ = {
			isa = XCConfigurationList;
			buildConfigurations = (
				0A2E7D9F1FBF6515007FD097 /* Debug */,
				0A2E7DA01FBF6515007FD097 /* Release */,
			);
			defaultConfigurationIsVisible = 0;
			defaultConfigurationName = Release;
		};
/* End XCConfigurationList section */
	};
	rootObject = 0A2E7D841FBF6515007FD097 /* Project object */;
}
