// !$*UTF8*$!
{
	archiveVersion = 1;
	classes = {
	};
	objectVersion = 46;
	objects = {

/* Begin PBXBuildFile section */
		3587CC121E10EF09009AD886 /* AppDelegate.swift in Sources */ = {isa = PBXBuildFile; fileRef = 3587CC111E10EF09009AD886 /* AppDelegate.swift */; };
		3587CC141E10EF09009AD886 /* ViewController.swift in Sources */ = {isa = PBXBuildFile; fileRef = 3587CC131E10EF09009AD886 /* ViewController.swift */; };
		3587CC171E10EF09009AD886 /* Main.storyboard in Resources */ = {isa = PBXBuildFile; fileRef = 3587CC151E10EF09009AD886 /* Main.storyboard */; };
		3587CC191E10EF09009AD886 /* Assets.xcassets in Resources */ = {isa = PBXBuildFile; fileRef = 3587CC181E10EF09009AD886 /* Assets.xcassets */; };
		3587CC1C1E10EF09009AD886 /* LaunchScreen.storyboard in Resources */ = {isa = PBXBuildFile; fileRef = 3587CC1A1E10EF09009AD886 /* LaunchScreen.storyboard */; };
/* End PBXBuildFile section */

/* Begin PBXFileReference section */
		3587CC0E1E10EF09009AD886 /* TextDraw.app */ = {isa = PBXFileReference; explicitFileType = wrapper.application; includeInIndex = 0; path = TextDraw.app; sourceTree = BUILT_PRODUCTS_DIR; };
		3587CC111E10EF09009AD886 /* AppDelegate.swift */ = {isa = PBXFileReference; lastKnownFileType = sourcecode.swift; path = AppDelegate.swift; sourceTree = "<group>"; };
		3587CC131E10EF09009AD886 /* ViewController.swift */ = {isa = PBXFileReference; lastKnownFileType = sourcecode.swift; path = ViewController.swift; sourceTree = "<group>"; };
		3587CC161E10EF09009AD886 /* Base */ = {isa = PBXFileReference; lastKnownFileType = file.storyboard; name = Base; path = Base.lproj/Main.storyboard; sourceTree = "<group>"; };
		3587CC181E10EF09009AD886 /* Assets.xcassets */ = {isa = PBXFileReference; lastKnownFileType = folder.assetcatalog; path = Assets.xcassets; sourceTree = "<group>"; };
		3587CC1B1E10EF09009AD886 /* Base */ = {isa = PBXFileReference; lastKnownFileType = file.storyboard; name = Base; path = Base.lproj/LaunchScreen.storyboard; sourceTree = "<group>"; };
		3587CC1D1E10EF09009AD886 /* Info.plist */ = {isa = PBXFileReference; lastKnownFileType = text.plist.xml; path = Info.plist; sourceTree = "<group>"; };
/* End PBXFileReference section */

/* Begin PBXFrameworksBuildPhase section */
		3587CC0B1E10EF09009AD886 /* Frameworks */ = {
			isa = PBXFrameworksBuildPhase;
			buildActionMask = 2147483647;
			files = (
			);
			runOnlyForDeploymentPostprocessing = 0;
		};
/* End PBXFrameworksBuildPhase section */

/* Begin PBXGroup section */
		3587CC051E10EF09009AD886 = {
			isa = PBXGroup;
			children = (
				3587CC101E10EF09009AD886 /* TextDraw */,
				3587CC0F1E10EF09009AD886 /* Products */,
			);
			sourceTree = "<group>";
		};
		3587CC0F1E10EF09009AD886 /* Products */ = {
			isa = PBXGroup;
			children = (
				3587CC0E1E10EF09009AD886 /* TextDraw.app */,
			);
			name = Products;
			sourceTree = "<group>";
		};
		3587CC101E10EF09009AD886 /* TextDraw */ = {
			isa = PBXGroup;
			children = (
				3587CC111E10EF09009AD886 /* AppDelegate.swift */,
				3587CC131E10EF09009AD886 /* ViewController.swift */,
				3587CC151E10EF09009AD886 /* Main.storyboard */,
				3587CC181E10EF09009AD886 /* Assets.xcassets */,
				3587CC1A1E10EF09009AD886 /* LaunchScreen.storyboard */,
				3587CC1D1E10EF09009AD886 /* Info.plist */,
			);
			path = TextDraw;
			sourceTree = "<group>";
		};
/* End PBXGroup section */

/* Begin PBXNativeTarget section */
		3587CC0D1E10EF09009AD886 /* TextDraw */ = {
			isa = PBXNativeTarget;
			buildConfigurationList = 3587CC201E10EF09009AD886 /* Build configuration list for PBXNativeTarget "TextDraw" */;
			buildPhases = (
				3587CC0A1E10EF09009AD886 /* Sources */,
				3587CC0B1E10EF09009AD886 /* Frameworks */,
				3587CC0C1E10EF09009AD886 /* Resources */,
			);
			buildRules = (
			);
			dependencies = (
			);
			name = TextDraw;
			productName = TextDraw;
			productReference = 3587CC0E1E10EF09009AD886 /* TextDraw.app */;
			productType = "com.apple.product-type.application";
		};
/* End PBXNativeTarget section */

/* Begin PBXProject section */
		3587CC061E10EF09009AD886 /* Project object */ = {
			isa = PBXProject;
			attributes = {
				LastSwiftUpdateCheck = 0820;
				LastUpgradeCheck = 0820;
				ORGANIZATIONNAME = "Ivan Akulov";
				TargetAttributes = {
					3587CC0D1E10EF09009AD886 = {
						CreatedOnToolsVersion = 8.2.1;
						ProvisioningStyle = Automatic;
					};
				};
			};
			buildConfigurationList = 3587CC091E10EF09009AD886 /* Build configuration list for PBXProject "TextDraw" */;
			compatibilityVersion = "Xcode 3.2";
			developmentRegion = English;
			hasScannedForEncodings = 0;
			knownRegions = (
				en,
				Base,
			);
			mainGroup = 3587CC051E10EF09009AD886;
			productRefGroup = 3587CC0F1E10EF09009AD886 /* Products */;
			projectDirPath = "";
			projectRoot = "";
			targets = (
				3587CC0D1E10EF09009AD886 /* TextDraw */,
			);
		};
/* End PBXProject section */

/* Begin PBXResourcesBuildPhase section */
		3587CC0C1E10EF09009AD886 /* Resources */ = {
			isa = PBXResourcesBuildPhase;
			buildActionMask = 2147483647;
			files = (
				3587CC1C1E10EF09009AD886 /* LaunchScreen.storyboard in Resources */,
				3587CC191E10EF09009AD886 /* Assets.xcassets in Resources */,
				3587CC171E10EF09009AD886 /* Main.storyboard in Resources */,
			);
			runOnlyForDeploymentPostprocessing = 0;
		};
/* End PBXResourcesBuildPhase section */

/* Begin PBXSourcesBuildPhase section */
		3587CC0A1E10EF09009AD886 /* Sources */ = {
			isa = PBXSourcesBuildPhase;
			buildActionMask = 2147483647;
			files = (
				3587CC141E10EF09009AD886 /* ViewController.swift in Sources */,
				3587CC121E10EF09009AD886 /* AppDelegate.swift in Sources */,
			);
			runOnlyForDeploymentPostprocessing = 0;
		};
/* End PBXSourcesBuildPhase section */

/* Begin PBXVariantGroup section */
		3587CC151E10EF09009AD886 /* Main.storyboard */ = {
			isa = PBXVariantGroup;
			children = (
				3587CC161E10EF09009AD886 /* Base */,
			);
			name = Main.storyboard;
			sourceTree = "<group>";
		};
		3587CC1A1E10EF09009AD886 /* LaunchScreen.storyboard */ = {
			isa = PBXVariantGroup;
			children = (
				3587CC1B1E10EF09009AD886 /* Base */,
			);
			name = LaunchScreen.storyboard;
			sourceTree = "<group>";
		};
/* End PBXVariantGroup section */

/* Begin XCBuildConfiguration section */
		3587CC1E1E10EF09009AD886 /* Debug */ = {
			isa = XCBuildConfiguration;
			buildSettings = {
				ALWAYS_SEARCH_USER_PATHS = NO;
				CLANG_ANALYZER_NONNULL = YES;
				CLANG_CXX_LANGUAGE_STANDARD = "gnu++0x";
				CLANG_CXX_LIBRARY = "libc++";
				CLANG_ENABLE_MODULES = YES;
				CLANG_ENABLE_OBJC_ARC = YES;
				CLANG_WARN_BOOL_CONVERSION = YES;
				CLANG_WARN_CONSTANT_CONVERSION = YES;
				CLANG_WARN_DIRECT_OBJC_ISA_USAGE = YES_ERROR;
				CLANG_WARN_DOCUMENTATION_COMMENTS = YES;
				CLANG_WARN_EMPTY_BODY = YES;
				CLANG_WARN_ENUM_CONVERSION = YES;
				CLANG_WARN_INFINITE_RECURSION = YES;
				CLANG_WARN_INT_CONVERSION = YES;
				CLANG_WARN_OBJC_ROOT_CLASS = YES_ERROR;
				CLANG_WARN_SUSPICIOUS_MOVE = YES;
				CLANG_WARN_UNREACHABLE_CODE = YES;
				CLANG_WARN__DUPLICATE_METHOD_MATCH = YES;
				"CODE_SIGN_IDENTITY[sdk=iphoneos*]" = "iPhone Developer";
				COPY_PHASE_STRIP = NO;
				DEBUG_INFORMATION_FORMAT = dwarf;
				ENABLE_STRICT_OBJC_MSGSEND = YES;
				ENABLE_TESTABILITY = YES;
				GCC_C_LANGUAGE_STANDARD = gnu99;
				GCC_DYNAMIC_NO_PIC = NO;
				GCC_NO_COMMON_BLOCKS = YES;
				GCC_OPTIMIZATION_LEVEL = 0;
				GCC_PREPROCESSOR_DEFINITIONS = (
					"DEBUG=1",
					"$(inherited)",
				);
				GCC_WARN_64_TO_32_BIT_CONVERSION = YES;
				GCC_WARN_ABOUT_RETURN_TYPE = YES_ERROR;
				GCC_WARN_UNDECLARED_SELECTOR = YES;
				GCC_WARN_UNINITIALIZED_AUTOS = YES_AGGRESSIVE;
				GCC_WARN_UNUSED_FUNCTION = YES;
				GCC_WARN_UNUSED_VARIABLE = YES;
				IPHONEOS_DEPLOYMENT_TARGET = 10.2;
				MTL_ENABLE_DEBUG_INFO = YES;
				ONLY_ACTIVE_ARCH = YES;
				SDKROOT = iphoneos;
				SWIFT_ACTIVE_COMPILATION_CONDITIONS = DEBUG;
				SWIFT_OPTIMIZATION_LEVEL = "-Onone";
			};
			name = Debug;
		};
		3587CC1F1E10EF09009AD886 /* Release */ = {
			isa = XCBuildConfiguration;
			buildSettings = {
				ALWAYS_SEARCH_USER_PATHS = NO;
				CLANG_ANALYZER_NONNULL = YES;
				CLANG_CXX_LANGUAGE_STANDARD = "gnu++0x";
				CLANG_CXX_LIBRARY = "libc++";
				CLANG_ENABLE_MODULES = YES;
				CLANG_ENABLE_OBJC_ARC = YES;
				CLANG_WARN_BOOL_CONVERSION = YES;
				CLANG_WARN_CONSTANT_CONVERSION = YES;
				CLANG_WARN_DIRECT_OBJC_ISA_USAGE = YES_ERROR;
				CLANG_WARN_DOCUMENTATION_COMMENTS = YES;
				CLANG_WARN_EMPTY_BODY = YES;
				CLANG_WARN_ENUM_CONVERSION = YES;
				CLANG_WARN_INFINITE_RECURSION = YES;
				CLANG_WARN_INT_CONVERSION = YES;
				CLANG_WARN_OBJC_ROOT_CLASS = YES_ERROR;
				CLANG_WARN_SUSPICIOUS_MOVE = YES;
				CLANG_WARN_UNREACHABLE_CODE = YES;
				CLANG_WARN__DUPLICATE_METHOD_MATCH = YES;
				"CODE_SIGN_IDENTITY[sdk=iphoneos*]" = "iPhone Developer";
				COPY_PHASE_STRIP = NO;
				DEBUG_INFORMATION_FORMAT = "dwarf-with-dsym";
				ENABLE_NS_ASSERTIONS = NO;
				ENABLE_STRICT_OBJC_MSGSEND = YES;
				GCC_C_LANGUAGE_STANDARD = gnu99;
				GCC_NO_COMMON_BLOCKS = YES;
				GCC_WARN_64_TO_32_BIT_CONVERSION = YES;
				GCC_WARN_ABOUT_RETURN_TYPE = YES_ERROR;
				GCC_WARN_UNDECLARED_SELECTOR = YES;
				GCC_WARN_UNINITIALIZED_AUTOS = YES_AGGRESSIVE;
				GCC_WARN_UNUSED_FUNCTION = YES;
				GCC_WARN_UNUSED_VARIABLE = YES;
				IPHONEOS_DEPLOYMENT_TARGET = 10.2;
				MTL_ENABLE_DEBUG_INFO = NO;
				SDKROOT = iphoneos;
				SWIFT_OPTIMIZATION_LEVEL = "-Owholemodule";
				VALIDATE_PRODUCT = YES;
			};
			name = Release;
		};
		3587CC211E10EF09009AD886 /* Debug */ = {
			isa = XCBuildConfiguration;
			buildSettings = {
				ASSETCATALOG_COMPILER_APPICON_NAME = AppIcon;
				INFOPLIST_FILE = TextDraw/Info.plist;
				LD_RUNPATH_SEARCH_PATHS = "$(inherited) @executable_path/Frameworks";
				PRODUCT_BUNDLE_IDENTIFIER = ru.swiftbook.TextDraw;
				PRODUCT_NAME = "$(TARGET_NAME)";
				SWIFT_VERSION = 3.0;
			};
			name = Debug;
		};
		3587CC221E10EF09009AD886 /* Release */ = {
			isa = XCBuildConfiguration;
			buildSettings = {
				ASSETCATALOG_COMPILER_APPICON_NAME = AppIcon;
				INFOPLIST_FILE = TextDraw/Info.plist;
				LD_RUNPATH_SEARCH_PATHS = "$(inherited) @executable_path/Frameworks";
				PRODUCT_BUNDLE_IDENTIFIER = ru.swiftbook.TextDraw;
				PRODUCT_NAME = "$(TARGET_NAME)";
				SWIFT_VERSION = 3.0;
			};
			name = Release;
		};
/* End XCBuildConfiguration section */

/* Begin XCConfigurationList section */
		3587CC091E10EF09009AD886 /* Build configuration list for PBXProject "TextDraw" */ = {
			isa = XCConfigurationList;
			buildConfigurations = (
				3587CC1E1E10EF09009AD886 /* Debug */,
				3587CC1F1E10EF09009AD886 /* Release */,
			);
			defaultConfigurationIsVisible = 0;
			defaultConfigurationName = Release;
		};
		3587CC201E10EF09009AD886 /* Build configuration list for PBXNativeTarget "TextDraw" */ = {
			isa = XCConfigurationList;
			buildConfigurations = (
				3587CC211E10EF09009AD886 /* Debug */,
				3587CC221E10EF09009AD886 /* Release */,
			);
			defaultConfigurationIsVisible = 0;
		};
/* End XCConfigurationList section */
	};
	rootObject = 3587CC061E10EF09009AD886 /* Project object */;
}
