// !$*UTF8*$!
{
	archiveVersion = 1;
	classes = {
	};
	objectVersion = 46;
	objects = {

/* Begin PBXBuildFile section */
		35CA74F71D0AE57C00588CAF /* AppDelegate.swift in Sources */ = {isa = PBXBuildFile; fileRef = 35CA74F61D0AE57C00588CAF /* AppDelegate.swift */; };
		35CA74F91D0AE57C00588CAF /* ViewController.swift in Sources */ = {isa = PBXBuildFile; fileRef = 35CA74F81D0AE57C00588CAF /* ViewController.swift */; };
		35CA74FC1D0AE57C00588CAF /* Main.storyboard in Resources */ = {isa = PBXBuildFile; fileRef = 35CA74FA1D0AE57C00588CAF /* Main.storyboard */; };
		35CA74FE1D0AE57C00588CAF /* Assets.xcassets in Resources */ = {isa = PBXBuildFile; fileRef = 35CA74FD1D0AE57C00588CAF /* Assets.xcassets */; };
		35CA75011D0AE57C00588CAF /* LaunchScreen.storyboard in Resources */ = {isa = PBXBuildFile; fileRef = 35CA74FF1D0AE57C00588CAF /* LaunchScreen.storyboard */; };
/* End PBXBuildFile section */

/* Begin PBXFileReference section */
		35CA74F31D0AE57C00588CAF /* CoreMotionTest.app */ = {isa = PBXFileReference; explicitFileType = wrapper.application; includeInIndex = 0; path = CoreMotionTest.app; sourceTree = BUILT_PRODUCTS_DIR; };
		35CA74F61D0AE57C00588CAF /* AppDelegate.swift */ = {isa = PBXFileReference; lastKnownFileType = sourcecode.swift; path = AppDelegate.swift; sourceTree = "<group>"; };
		35CA74F81D0AE57C00588CAF /* ViewController.swift */ = {isa = PBXFileReference; lastKnownFileType = sourcecode.swift; path = ViewController.swift; sourceTree = "<group>"; };
		35CA74FB1D0AE57C00588CAF /* Base */ = {isa = PBXFileReference; lastKnownFileType = file.storyboard; name = Base; path = Base.lproj/Main.storyboard; sourceTree = "<group>"; };
		35CA74FD1D0AE57C00588CAF /* Assets.xcassets */ = {isa = PBXFileReference; lastKnownFileType = folder.assetcatalog; path = Assets.xcassets; sourceTree = "<group>"; };
		35CA75001D0AE57C00588CAF /* Base */ = {isa = PBXFileReference; lastKnownFileType = file.storyboard; name = Base; path = Base.lproj/LaunchScreen.storyboard; sourceTree = "<group>"; };
		35CA75021D0AE57C00588CAF /* Info.plist */ = {isa = PBXFileReference; lastKnownFileType = text.plist.xml; path = Info.plist; sourceTree = "<group>"; };
/* End PBXFileReference section */

/* Begin PBXFrameworksBuildPhase section */
		35CA74F01D0AE57C00588CAF /* Frameworks */ = {
			isa = PBXFrameworksBuildPhase;
			buildActionMask = 2147483647;
			files = (
			);
			runOnlyForDeploymentPostprocessing = 0;
		};
/* End PBXFrameworksBuildPhase section */

/* Begin PBXGroup section */
		35CA74EA1D0AE57C00588CAF = {
			isa = PBXGroup;
			children = (
				35CA74F51D0AE57C00588CAF /* CoreMotionTest */,
				35CA74F41D0AE57C00588CAF /* Products */,
			);
			sourceTree = "<group>";
		};
		35CA74F41D0AE57C00588CAF /* Products */ = {
			isa = PBXGroup;
			children = (
				35CA74F31D0AE57C00588CAF /* CoreMotionTest.app */,
			);
			name = Products;
			sourceTree = "<group>";
		};
		35CA74F51D0AE57C00588CAF /* CoreMotionTest */ = {
			isa = PBXGroup;
			children = (
				35CA74F61D0AE57C00588CAF /* AppDelegate.swift */,
				35CA74F81D0AE57C00588CAF /* ViewController.swift */,
				35CA74FA1D0AE57C00588CAF /* Main.storyboard */,
				35CA74FD1D0AE57C00588CAF /* Assets.xcassets */,
				35CA74FF1D0AE57C00588CAF /* LaunchScreen.storyboard */,
				35CA75021D0AE57C00588CAF /* Info.plist */,
			);
			path = CoreMotionTest;
			sourceTree = "<group>";
		};
/* End PBXGroup section */

/* Begin PBXNativeTarget section */
		35CA74F21D0AE57C00588CAF /* CoreMotionTest */ = {
			isa = PBXNativeTarget;
			buildConfigurationList = 35CA75051D0AE57C00588CAF /* Build configuration list for PBXNativeTarget "CoreMotionTest" */;
			buildPhases = (
				35CA74EF1D0AE57C00588CAF /* Sources */,
				35CA74F01D0AE57C00588CAF /* Frameworks */,
				35CA74F11D0AE57C00588CAF /* Resources */,
			);
			buildRules = (
			);
			dependencies = (
			);
			name = CoreMotionTest;
			productName = CoreMotionTest;
			productReference = 35CA74F31D0AE57C00588CAF /* CoreMotionTest.app */;
			productType = "com.apple.product-type.application";
		};
/* End PBXNativeTarget section */

/* Begin PBXProject section */
		35CA74EB1D0AE57C00588CAF /* Project object */ = {
			isa = PBXProject;
			attributes = {
				LastSwiftUpdateCheck = 0730;
				LastUpgradeCheck = 0730;
				ORGANIZATIONNAME = "Ivan Akulov";
				TargetAttributes = {
					35CA74F21D0AE57C00588CAF = {
						CreatedOnToolsVersion = 7.3.1;
					};
				};
			};
			buildConfigurationList = 35CA74EE1D0AE57C00588CAF /* Build configuration list for PBXProject "CoreMotionTest" */;
			compatibilityVersion = "Xcode 3.2";
			developmentRegion = English;
			hasScannedForEncodings = 0;
			knownRegions = (
				en,
				Base,
			);
			mainGroup = 35CA74EA1D0AE57C00588CAF;
			productRefGroup = 35CA74F41D0AE57C00588CAF /* Products */;
			projectDirPath = "";
			projectRoot = "";
			targets = (
				35CA74F21D0AE57C00588CAF /* CoreMotionTest */,
			);
		};
/* End PBXProject section */

/* Begin PBXResourcesBuildPhase section */
		35CA74F11D0AE57C00588CAF /* Resources */ = {
			isa = PBXResourcesBuildPhase;
			buildActionMask = 2147483647;
			files = (
				35CA75011D0AE57C00588CAF /* LaunchScreen.storyboard in Resources */,
				35CA74FE1D0AE57C00588CAF /* Assets.xcassets in Resources */,
				35CA74FC1D0AE57C00588CAF /* Main.storyboard in Resources */,
			);
			runOnlyForDeploymentPostprocessing = 0;
		};
/* End PBXResourcesBuildPhase section */

/* Begin PBXSourcesBuildPhase section */
		35CA74EF1D0AE57C00588CAF /* Sources */ = {
			isa = PBXSourcesBuildPhase;
			buildActionMask = 2147483647;
			files = (
				35CA74F91D0AE57C00588CAF /* ViewController.swift in Sources */,
				35CA74F71D0AE57C00588CAF /* AppDelegate.swift in Sources */,
			);
			runOnlyForDeploymentPostprocessing = 0;
		};
/* End PBXSourcesBuildPhase section */

/* Begin PBXVariantGroup section */
		35CA74FA1D0AE57C00588CAF /* Main.storyboard */ = {
			isa = PBXVariantGroup;
			children = (
				35CA74FB1D0AE57C00588CAF /* Base */,
			);
			name = Main.storyboard;
			sourceTree = "<group>";
		};
		35CA74FF1D0AE57C00588CAF /* LaunchScreen.storyboard */ = {
			isa = PBXVariantGroup;
			children = (
				35CA75001D0AE57C00588CAF /* Base */,
			);
			name = LaunchScreen.storyboard;
			sourceTree = "<group>";
		};
/* End PBXVariantGroup section */

/* Begin XCBuildConfiguration section */
		35CA75031D0AE57C00588CAF /* Debug */ = {
			isa = XCBuildConfiguration;
			buildSettings = {
				ALWAYS_SEARCH_USER_PATHS = NO;
				CLANG_ANALYZER_NONNULL = YES;
				CLANG_CXX_LANGUAGE_STANDARD = "gnu++0x";
				CLANG_CXX_LIBRARY = "libc++";
				CLANG_ENABLE_MODULES = YES;
				CLANG_ENABLE_OBJC_ARC = YES;
				CLANG_WARN_BOOL_CONVERSION = YES;
				CLANG_WARN_CONSTANT_CONVERSION = YES;
				CLANG_WARN_DIRECT_OBJC_ISA_USAGE = YES_ERROR;
				CLANG_WARN_EMPTY_BODY = YES;
				CLANG_WARN_ENUM_CONVERSION = YES;
				CLANG_WARN_INT_CONVERSION = YES;
				CLANG_WARN_OBJC_ROOT_CLASS = YES_ERROR;
				CLANG_WARN_UNREACHABLE_CODE = YES;
				CLANG_WARN__DUPLICATE_METHOD_MATCH = YES;
				"CODE_SIGN_IDENTITY[sdk=iphoneos*]" = "iPhone Developer";
				COPY_PHASE_STRIP = NO;
				DEBUG_INFORMATION_FORMAT = dwarf;
				ENABLE_STRICT_OBJC_MSGSEND = YES;
				ENABLE_TESTABILITY = YES;
				GCC_C_LANGUAGE_STANDARD = gnu99;
				GCC_DYNAMIC_NO_PIC = NO;
				GCC_NO_COMMON_BLOCKS = YES;
				GCC_OPTIMIZATION_LEVEL = 0;
				GCC_PREPROCESSOR_DEFINITIONS = (
					"DEBUG=1",
					"$(inherited)",
				);
				GCC_WARN_64_TO_32_BIT_CONVERSION = YES;
				GCC_WARN_ABOUT_RETURN_TYPE = YES_ERROR;
				GCC_WARN_UNDECLARED_SELECTOR = YES;
				GCC_WARN_UNINITIALIZED_AUTOS = YES_AGGRESSIVE;
				GCC_WARN_UNUSED_FUNCTION = YES;
				GCC_WARN_UNUSED_VARIABLE = YES;
				IPHONEOS_DEPLOYMENT_TARGET = 9.3;
				MTL_ENABLE_DEBUG_INFO = YES;
				ONLY_ACTIVE_ARCH = YES;
				SDKROOT = iphoneos;
				SWIFT_OPTIMIZATION_LEVEL = "-Onone";
				TARGETED_DEVICE_FAMILY = "1,2";
			};
			name = Debug;
		};
		35CA75041D0AE57C00588CAF /* Release */ = {
			isa = XCBuildConfiguration;
			buildSettings = {
				ALWAYS_SEARCH_USER_PATHS = NO;
				CLANG_ANALYZER_NONNULL = YES;
				CLANG_CXX_LANGUAGE_STANDARD = "gnu++0x";
				CLANG_CXX_LIBRARY = "libc++";
				CLANG_ENABLE_MODULES = YES;
				CLANG_ENABLE_OBJC_ARC = YES;
				CLANG_WARN_BOOL_CONVERSION = YES;
				CLANG_WARN_CONSTANT_CONVERSION = YES;
				CLANG_WARN_DIRECT_OBJC_ISA_USAGE = YES_ERROR;
				CLANG_WARN_EMPTY_BODY = YES;
				CLANG_WARN_ENUM_CONVERSION = YES;
				CLANG_WARN_INT_CONVERSION = YES;
				CLANG_WARN_OBJC_ROOT_CLASS = YES_ERROR;
				CLANG_WARN_UNREACHABLE_CODE = YES;
				CLANG_WARN__DUPLICATE_METHOD_MATCH = YES;
				"CODE_SIGN_IDENTITY[sdk=iphoneos*]" = "iPhone Developer";
				COPY_PHASE_STRIP = NO;
				DEBUG_INFORMATION_FORMAT = "dwarf-with-dsym";
				ENABLE_NS_ASSERTIONS = NO;
				ENABLE_STRICT_OBJC_MSGSEND = YES;
				GCC_C_LANGUAGE_STANDARD = gnu99;
				GCC_NO_COMMON_BLOCKS = YES;
				GCC_WARN_64_TO_32_BIT_CONVERSION = YES;
				GCC_WARN_ABOUT_RETURN_TYPE = YES_ERROR;
				GCC_WARN_UNDECLARED_SELECTOR = YES;
				GCC_WARN_UNINITIALIZED_AUTOS = YES_AGGRESSIVE;
				GCC_WARN_UNUSED_FUNCTION = YES;
				GCC_WARN_UNUSED_VARIABLE = YES;
				IPHONEOS_DEPLOYMENT_TARGET = 9.3;
				MTL_ENABLE_DEBUG_INFO = NO;
				SDKROOT = iphoneos;
				TARGETED_DEVICE_FAMILY = "1,2";
				VALIDATE_PRODUCT = YES;
			};
			name = Release;
		};
		35CA75061D0AE57C00588CAF /* Debug */ = {
			isa = XCBuildConfiguration;
			buildSettings = {
				ASSETCATALOG_COMPILER_APPICON_NAME = AppIcon;
				INFOPLIST_FILE = CoreMotionTest/Info.plist;
				LD_RUNPATH_SEARCH_PATHS = "$(inherited) @executable_path/Frameworks";
				PRODUCT_BUNDLE_IDENTIFIER = ru.swiftbook.CoreMotionTest;
				PRODUCT_NAME = "$(TARGET_NAME)";
			};
			name = Debug;
		};
		35CA75071D0AE57C00588CAF /* Release */ = {
			isa = XCBuildConfiguration;
			buildSettings = {
				ASSETCATALOG_COMPILER_APPICON_NAME = AppIcon;
				INFOPLIST_FILE = CoreMotionTest/Info.plist;
				LD_RUNPATH_SEARCH_PATHS = "$(inherited) @executable_path/Frameworks";
				PRODUCT_BUNDLE_IDENTIFIER = ru.swiftbook.CoreMotionTest;
				PRODUCT_NAME = "$(TARGET_NAME)";
			};
			name = Release;
		};
/* End XCBuildConfiguration section */

/* Begin XCConfigurationList section */
		35CA74EE1D0AE57C00588CAF /* Build configuration list for PBXProject "CoreMotionTest" */ = {
			isa = XCConfigurationList;
			buildConfigurations = (
				35CA75031D0AE57C00588CAF /* Debug */,
				35CA75041D0AE57C00588CAF /* Release */,
			);
			defaultConfigurationIsVisible = 0;
			defaultConfigurationName = Release;
		};
		35CA75051D0AE57C00588CAF /* Build configuration list for PBXNativeTarget "CoreMotionTest" */ = {
			isa = XCConfigurationList;
			buildConfigurations = (
				35CA75061D0AE57C00588CAF /* Debug */,
				35CA75071D0AE57C00588CAF /* Release */,
			);
			defaultConfigurationIsVisible = 0;
		};
/* End XCConfigurationList section */
	};
	rootObject = 35CA74EB1D0AE57C00588CAF /* Project object */;
}
