// !$*UTF8*$!
{
	archiveVersion = 1;
	classes = {
	};
	objectVersion = 46;
	objects = {

/* Begin PBXBuildFile section */
		35B6C9111C82D359004DD872 /* AppDelegate.swift in Sources */ = {isa = PBXBuildFile; fileRef = 35B6C9101C82D359004DD872 /* AppDelegate.swift */; };
		35B6C9161C82D359004DD872 /* Main.storyboard in Resources */ = {isa = PBXBuildFile; fileRef = 35B6C9141C82D359004DD872 /* Main.storyboard */; };
		35B6C9181C82D359004DD872 /* Assets.xcassets in Resources */ = {isa = PBXBuildFile; fileRef = 35B6C9171C82D359004DD872 /* Assets.xcassets */; };
		35B6C91B1C82D359004DD872 /* LaunchScreen.storyboard in Resources */ = {isa = PBXBuildFile; fileRef = 35B6C9191C82D359004DD872 /* LaunchScreen.storyboard */; };
		35B6C9231C82D38E004DD872 /* TableViewController.swift in Sources */ = {isa = PBXBuildFile; fileRef = 35B6C9221C82D38E004DD872 /* TableViewController.swift */; };
/* End PBXBuildFile section */

/* Begin PBXFileReference section */
		35B6C90D1C82D359004DD872 /* SpellChecker.app */ = {isa = PBXFileReference; explicitFileType = wrapper.application; includeInIndex = 0; path = SpellChecker.app; sourceTree = BUILT_PRODUCTS_DIR; };
		35B6C9101C82D359004DD872 /* AppDelegate.swift */ = {isa = PBXFileReference; lastKnownFileType = sourcecode.swift; path = AppDelegate.swift; sourceTree = "<group>"; };
		35B6C9151C82D359004DD872 /* Base */ = {isa = PBXFileReference; lastKnownFileType = file.storyboard; name = Base; path = Base.lproj/Main.storyboard; sourceTree = "<group>"; };
		35B6C9171C82D359004DD872 /* Assets.xcassets */ = {isa = PBXFileReference; lastKnownFileType = folder.assetcatalog; path = Assets.xcassets; sourceTree = "<group>"; };
		35B6C91A1C82D359004DD872 /* Base */ = {isa = PBXFileReference; lastKnownFileType = file.storyboard; name = Base; path = Base.lproj/LaunchScreen.storyboard; sourceTree = "<group>"; };
		35B6C91C1C82D359004DD872 /* Info.plist */ = {isa = PBXFileReference; lastKnownFileType = text.plist.xml; path = Info.plist; sourceTree = "<group>"; };
		35B6C9221C82D38E004DD872 /* TableViewController.swift */ = {isa = PBXFileReference; fileEncoding = 4; lastKnownFileType = sourcecode.swift; path = TableViewController.swift; sourceTree = "<group>"; };
/* End PBXFileReference section */

/* Begin PBXFrameworksBuildPhase section */
		35B6C90A1C82D359004DD872 /* Frameworks */ = {
			isa = PBXFrameworksBuildPhase;
			buildActionMask = 2147483647;
			files = (
			);
			runOnlyForDeploymentPostprocessing = 0;
		};
/* End PBXFrameworksBuildPhase section */

/* Begin PBXGroup section */
		35B6C9041C82D359004DD872 = {
			isa = PBXGroup;
			children = (
				35B6C90F1C82D359004DD872 /* SpellChecker */,
				35B6C90E1C82D359004DD872 /* Products */,
			);
			sourceTree = "<group>";
		};
		35B6C90E1C82D359004DD872 /* Products */ = {
			isa = PBXGroup;
			children = (
				35B6C90D1C82D359004DD872 /* SpellChecker.app */,
			);
			name = Products;
			sourceTree = "<group>";
		};
		35B6C90F1C82D359004DD872 /* SpellChecker */ = {
			isa = PBXGroup;
			children = (
				35B6C9101C82D359004DD872 /* AppDelegate.swift */,
				35B6C9141C82D359004DD872 /* Main.storyboard */,
				35B6C9221C82D38E004DD872 /* TableViewController.swift */,
				35B6C9171C82D359004DD872 /* Assets.xcassets */,
				35B6C9191C82D359004DD872 /* LaunchScreen.storyboard */,
				35B6C91C1C82D359004DD872 /* Info.plist */,
			);
			path = SpellChecker;
			sourceTree = "<group>";
		};
/* End PBXGroup section */

/* Begin PBXNativeTarget section */
		35B6C90C1C82D359004DD872 /* SpellChecker */ = {
			isa = PBXNativeTarget;
			buildConfigurationList = 35B6C91F1C82D359004DD872 /* Build configuration list for PBXNativeTarget "SpellChecker" */;
			buildPhases = (
				35B6C9091C82D359004DD872 /* Sources */,
				35B6C90A1C82D359004DD872 /* Frameworks */,
				35B6C90B1C82D359004DD872 /* Resources */,
			);
			buildRules = (
			);
			dependencies = (
			);
			name = SpellChecker;
			productName = SpellChecker;
			productReference = 35B6C90D1C82D359004DD872 /* SpellChecker.app */;
			productType = "com.apple.product-type.application";
		};
/* End PBXNativeTarget section */

/* Begin PBXProject section */
		35B6C9051C82D359004DD872 /* Project object */ = {
			isa = PBXProject;
			attributes = {
				LastSwiftUpdateCheck = 0720;
				LastUpgradeCheck = 0720;
				ORGANIZATIONNAME = "Ivan Akulov";
				TargetAttributes = {
					35B6C90C1C82D359004DD872 = {
						CreatedOnToolsVersion = 7.2;
					};
				};
			};
			buildConfigurationList = 35B6C9081C82D359004DD872 /* Build configuration list for PBXProject "SpellChecker" */;
			compatibilityVersion = "Xcode 3.2";
			developmentRegion = English;
			hasScannedForEncodings = 0;
			knownRegions = (
				en,
				Base,
			);
			mainGroup = 35B6C9041C82D359004DD872;
			productRefGroup = 35B6C90E1C82D359004DD872 /* Products */;
			projectDirPath = "";
			projectRoot = "";
			targets = (
				35B6C90C1C82D359004DD872 /* SpellChecker */,
			);
		};
/* End PBXProject section */

/* Begin PBXResourcesBuildPhase section */
		35B6C90B1C82D359004DD872 /* Resources */ = {
			isa = PBXResourcesBuildPhase;
			buildActionMask = 2147483647;
			files = (
				35B6C91B1C82D359004DD872 /* LaunchScreen.storyboard in Resources */,
				35B6C9181C82D359004DD872 /* Assets.xcassets in Resources */,
				35B6C9161C82D359004DD872 /* Main.storyboard in Resources */,
			);
			runOnlyForDeploymentPostprocessing = 0;
		};
/* End PBXResourcesBuildPhase section */

/* Begin PBXSourcesBuildPhase section */
		35B6C9091C82D359004DD872 /* Sources */ = {
			isa = PBXSourcesBuildPhase;
			buildActionMask = 2147483647;
			files = (
				35B6C9111C82D359004DD872 /* AppDelegate.swift in Sources */,
				35B6C9231C82D38E004DD872 /* TableViewController.swift in Sources */,
			);
			runOnlyForDeploymentPostprocessing = 0;
		};
/* End PBXSourcesBuildPhase section */

/* Begin PBXVariantGroup section */
		35B6C9141C82D359004DD872 /* Main.storyboard */ = {
			isa = PBXVariantGroup;
			children = (
				35B6C9151C82D359004DD872 /* Base */,
			);
			name = Main.storyboard;
			sourceTree = "<group>";
		};
		35B6C9191C82D359004DD872 /* LaunchScreen.storyboard */ = {
			isa = PBXVariantGroup;
			children = (
				35B6C91A1C82D359004DD872 /* Base */,
			);
			name = LaunchScreen.storyboard;
			sourceTree = "<group>";
		};
/* End PBXVariantGroup section */

/* Begin XCBuildConfiguration section */
		35B6C91D1C82D359004DD872 /* Debug */ = {
			isa = XCBuildConfiguration;
			buildSettings = {
				ALWAYS_SEARCH_USER_PATHS = NO;
				CLANG_CXX_LANGUAGE_STANDARD = "gnu++0x";
				CLANG_CXX_LIBRARY = "libc++";
				CLANG_ENABLE_MODULES = YES;
				CLANG_ENABLE_OBJC_ARC = YES;
				CLANG_WARN_BOOL_CONVERSION = YES;
				CLANG_WARN_CONSTANT_CONVERSION = YES;
				CLANG_WARN_DIRECT_OBJC_ISA_USAGE = YES_ERROR;
				CLANG_WARN_EMPTY_BODY = YES;
				CLANG_WARN_ENUM_CONVERSION = YES;
				CLANG_WARN_INT_CONVERSION = YES;
				CLANG_WARN_OBJC_ROOT_CLASS = YES_ERROR;
				CLANG_WARN_UNREACHABLE_CODE = YES;
				CLANG_WARN__DUPLICATE_METHOD_MATCH = YES;
				"CODE_SIGN_IDENTITY[sdk=iphoneos*]" = "iPhone Developer";
				COPY_PHASE_STRIP = NO;
				DEBUG_INFORMATION_FORMAT = dwarf;
				ENABLE_STRICT_OBJC_MSGSEND = YES;
				ENABLE_TESTABILITY = YES;
				GCC_C_LANGUAGE_STANDARD = gnu99;
				GCC_DYNAMIC_NO_PIC = NO;
				GCC_NO_COMMON_BLOCKS = YES;
				GCC_OPTIMIZATION_LEVEL = 0;
				GCC_PREPROCESSOR_DEFINITIONS = (
					"DEBUG=1",
					"$(inherited)",
				);
				GCC_WARN_64_TO_32_BIT_CONVERSION = YES;
				GCC_WARN_ABOUT_RETURN_TYPE = YES_ERROR;
				GCC_WARN_UNDECLARED_SELECTOR = YES;
				GCC_WARN_UNINITIALIZED_AUTOS = YES_AGGRESSIVE;
				GCC_WARN_UNUSED_FUNCTION = YES;
				GCC_WARN_UNUSED_VARIABLE = YES;
				IPHONEOS_DEPLOYMENT_TARGET = 9.2;
				MTL_ENABLE_DEBUG_INFO = YES;
				ONLY_ACTIVE_ARCH = YES;
				SDKROOT = iphoneos;
				SWIFT_OPTIMIZATION_LEVEL = "-Onone";
			};
			name = Debug;
		};
		35B6C91E1C82D359004DD872 /* Release */ = {
			isa = XCBuildConfiguration;
			buildSettings = {
				ALWAYS_SEARCH_USER_PATHS = NO;
				CLANG_CXX_LANGUAGE_STANDARD = "gnu++0x";
				CLANG_CXX_LIBRARY = "libc++";
				CLANG_ENABLE_MODULES = YES;
				CLANG_ENABLE_OBJC_ARC = YES;
				CLANG_WARN_BOOL_CONVERSION = YES;
				CLANG_WARN_CONSTANT_CONVERSION = YES;
				CLANG_WARN_DIRECT_OBJC_ISA_USAGE = YES_ERROR;
				CLANG_WARN_EMPTY_BODY = YES;
				CLANG_WARN_ENUM_CONVERSION = YES;
				CLANG_WARN_INT_CONVERSION = YES;
				CLANG_WARN_OBJC_ROOT_CLASS = YES_ERROR;
				CLANG_WARN_UNREACHABLE_CODE = YES;
				CLANG_WARN__DUPLICATE_METHOD_MATCH = YES;
				"CODE_SIGN_IDENTITY[sdk=iphoneos*]" = "iPhone Developer";
				COPY_PHASE_STRIP = NO;
				DEBUG_INFORMATION_FORMAT = "dwarf-with-dsym";
				ENABLE_NS_ASSERTIONS = NO;
				ENABLE_STRICT_OBJC_MSGSEND = YES;
				GCC_C_LANGUAGE_STANDARD = gnu99;
				GCC_NO_COMMON_BLOCKS = YES;
				GCC_WARN_64_TO_32_BIT_CONVERSION = YES;
				GCC_WARN_ABOUT_RETURN_TYPE = YES_ERROR;
				GCC_WARN_UNDECLARED_SELECTOR = YES;
				GCC_WARN_UNINITIALIZED_AUTOS = YES_AGGRESSIVE;
				GCC_WARN_UNUSED_FUNCTION = YES;
				GCC_WARN_UNUSED_VARIABLE = YES;
				IPHONEOS_DEPLOYMENT_TARGET = 9.2;
				MTL_ENABLE_DEBUG_INFO = NO;
				SDKROOT = iphoneos;
				VALIDATE_PRODUCT = YES;
			};
			name = Release;
		};
		35B6C9201C82D359004DD872 /* Debug */ = {
			isa = XCBuildConfiguration;
			buildSettings = {
				ASSETCATALOG_COMPILER_APPICON_NAME = AppIcon;
				INFOPLIST_FILE = SpellChecker/Info.plist;
				LD_RUNPATH_SEARCH_PATHS = "$(inherited) @executable_path/Frameworks";
				PRODUCT_BUNDLE_IDENTIFIER = ru.swiftbook.SpellChecker;
				PRODUCT_NAME = "$(TARGET_NAME)";
			};
			name = Debug;
		};
		35B6C9211C82D359004DD872 /* Release */ = {
			isa = XCBuildConfiguration;
			buildSettings = {
				ASSETCATALOG_COMPILER_APPICON_NAME = AppIcon;
				INFOPLIST_FILE = SpellChecker/Info.plist;
				LD_RUNPATH_SEARCH_PATHS = "$(inherited) @executable_path/Frameworks";
				PRODUCT_BUNDLE_IDENTIFIER = ru.swiftbook.SpellChecker;
				PRODUCT_NAME = "$(TARGET_NAME)";
			};
			name = Release;
		};
/* End XCBuildConfiguration section */

/* Begin XCConfigurationList section */
		35B6C9081C82D359004DD872 /* Build configuration list for PBXProject "SpellChecker" */ = {
			isa = XCConfigurationList;
			buildConfigurations = (
				35B6C91D1C82D359004DD872 /* Debug */,
				35B6C91E1C82D359004DD872 /* Release */,
			);
			defaultConfigurationIsVisible = 0;
			defaultConfigurationName = Release;
		};
		35B6C91F1C82D359004DD872 /* Build configuration list for PBXNativeTarget "SpellChecker" */ = {
			isa = XCConfigurationList;
			buildConfigurations = (
				35B6C9201C82D359004DD872 /* Debug */,
				35B6C9211C82D359004DD872 /* Release */,
			);
			defaultConfigurationIsVisible = 0;
		};
/* End XCConfigurationList section */
	};
	rootObject = 35B6C9051C82D359004DD872 /* Project object */;
}
